// !$*UTF8*$!
{
	archiveVersion = 1;
	classes = {
	};
	objectVersion = 46;
	objects = {

/* Begin PBXBuildFile section */
		21991D521084464CC5EB1F6C /* libPods.a in Frameworks */ = {isa = PBXBuildFile; fileRef = E9A2F39AD052C5E138FCDB7F /* libPods.a */; };
		8E096A4F1C11D220007CFDB6 /* BSStatusBarViewController.m in Sources */ = {isa = PBXBuildFile; fileRef = 8E096A4E1C11D220007CFDB6 /* BSStatusBarViewController.m */; };
		8E1970731C081A54005FE8D3 /* BSNewViewController.m in Sources */ = {isa = PBXBuildFile; fileRef = 8EF6BC701BE5F0DD0081E76E /* BSNewViewController.m */; };
		8E1970771C081AE6005FE8D3 /* BSCommentViewController.m in Sources */ = {isa = PBXBuildFile; fileRef = 8E1970751C081AE6005FE8D3 /* BSCommentViewController.m */; };
		8E1970781C081AE6005FE8D3 /* BSCommentViewController.xib in Resources */ = {isa = PBXBuildFile; fileRef = 8E1970761C081AE6005FE8D3 /* BSCommentViewController.xib */; };
		8E19707C1C081B39005FE8D3 /* BSCommentCell.m in Sources */ = {isa = PBXBuildFile; fileRef = 8E19707A1C081B39005FE8D3 /* BSCommentCell.m */; };
		8E19707D1C081B39005FE8D3 /* BSCommentCell.xib in Resources */ = {isa = PBXBuildFile; fileRef = 8E19707B1C081B39005FE8D3 /* BSCommentCell.xib */; };
		8E1970801C085F18005FE8D3 /* BSCommentHeaderView.m in Sources */ = {isa = PBXBuildFile; fileRef = 8E19707F1C085F18005FE8D3 /* BSCommentHeaderView.m */; };
		8E24C4E31BE7894B00AEE4A3 /* BSTabBar.m in Sources */ = {isa = PBXBuildFile; fileRef = 8E24C4E21BE7894B00AEE4A3 /* BSTabBar.m */; };
		8E2F8D111C19674300BEE2B0 /* BSPublishButton.m in Sources */ = {isa = PBXBuildFile; fileRef = 8E2F8D101C19674300BEE2B0 /* BSPublishButton.m */; };
		8E33191F1BF0679600DE0A08 /* BSRecommendCategory.m in Sources */ = {isa = PBXBuildFile; fileRef = 8E33191E1BF0679600DE0A08 /* BSRecommendCategory.m */; };
		8E3319221BF067A600DE0A08 /* BSRecommendUsers.m in Sources */ = {isa = PBXBuildFile; fileRef = 8E3319211BF067A600DE0A08 /* BSRecommendUsers.m */; };
		8E3319251BF067D000DE0A08 /* BSRecommendCategoryCell.m in Sources */ = {isa = PBXBuildFile; fileRef = 8E3319241BF067D000DE0A08 /* BSRecommendCategoryCell.m */; };
		8E3319281BF067E300DE0A08 /* BSRecommendUsersCell.m in Sources */ = {isa = PBXBuildFile; fileRef = 8E3319271BF067E300DE0A08 /* BSRecommendUsersCell.m */; };
		8E33192B1BF0820100DE0A08 /* BSExtensionConfig.m in Sources */ = {isa = PBXBuildFile; fileRef = 8E33192A1BF0820100DE0A08 /* BSExtensionConfig.m */; };
		8E431F381BEF179E0018B812 /* BSSettingViewController.m in Sources */ = {isa = PBXBuildFile; fileRef = 8E431F371BEF179E0018B812 /* BSSettingViewController.m */; };
		8E431F3B1BEF29940018B812 /* BSClearCachesCell.m in Sources */ = {isa = PBXBuildFile; fileRef = 8E431F3A1BEF29940018B812 /* BSClearCachesCell.m */; };
		8E431F3E1BEF3CF00018B812 /* NSString+BSFileSize.m in Sources */ = {isa = PBXBuildFile; fileRef = 8E431F3D1BEF3CF00018B812 /* NSString+BSFileSize.m */; };
		8E5BFF471BEBA85F00541669 /* BSRecommentViewController.m in Sources */ = {isa = PBXBuildFile; fileRef = 8E5BFF461BEBA85F00541669 /* BSRecommentViewController.m */; };
		8E5BFF491BEBAA4000541669 /* BSFriendTrendsViewController.storyboard in Resources */ = {isa = PBXBuildFile; fileRef = 8E5BFF481BEBAA4000541669 /* BSFriendTrendsViewController.storyboard */; };
		8E5BFF4C1BEBB28D00541669 /* BSLoginRegisterViewController.m in Sources */ = {isa = PBXBuildFile; fileRef = 8E5BFF4B1BEBB28D00541669 /* BSLoginRegisterViewController.m */; };
		8E5CB9A61C1D7E8A00ABBFB8 /* BSPostWordViewController.m in Sources */ = {isa = PBXBuildFile; fileRef = 8E5CB9A51C1D7E8A00ABBFB8 /* BSPostWordViewController.m */; };
		8E5CB9A91C1DA7FE00ABBFB8 /* BSPlaceholderTextView.m in Sources */ = {isa = PBXBuildFile; fileRef = 8E5CB9A81C1DA7FE00ABBFB8 /* BSPlaceholderTextView.m */; };
		8E5CB9AC1C1EBC0500ABBFB8 /* BSPostWordToolbar.m in Sources */ = {isa = PBXBuildFile; fileRef = 8E5CB9AB1C1EBC0500ABBFB8 /* BSPostWordToolbar.m */; };
		8E5CB9AE1C1EBC1900ABBFB8 /* BSPostWordToolbar.xib in Resources */ = {isa = PBXBuildFile; fileRef = 8E5CB9AD1C1EBC1900ABBFB8 /* BSPostWordToolbar.xib */; };
		8E5CB9B11C1EEF0800ABBFB8 /* BSAddTagViewController.m in Sources */ = {isa = PBXBuildFile; fileRef = 8E5CB9B01C1EEF0800ABBFB8 /* BSAddTagViewController.m */; };
		8E66BCAB1BF19DCC004BF3B5 /* BSAllViewController.m in Sources */ = {isa = PBXBuildFile; fileRef = 8E66BCAA1BF19DCC004BF3B5 /* BSAllViewController.m */; };
		8E66BCAE1BF19DE7004BF3B5 /* BSPictureViewController.m in Sources */ = {isa = PBXBuildFile; fileRef = 8E66BCAD1BF19DE7004BF3B5 /* BSPictureViewController.m */; };
		8E66BCB11BF19E08004BF3B5 /* BSVideoViewController.m in Sources */ = {isa = PBXBuildFile; fileRef = 8E66BCB01BF19E08004BF3B5 /* BSVideoViewController.m */; };
		8E66BCB41BF19E15004BF3B5 /* BSVoiceViewController.m in Sources */ = {isa = PBXBuildFile; fileRef = 8E66BCB31BF19E15004BF3B5 /* BSVoiceViewController.m */; };
		8E66BCB71BF19E28004BF3B5 /* BSWordViewController.m in Sources */ = {isa = PBXBuildFile; fileRef = 8E66BCB61BF19E28004BF3B5 /* BSWordViewController.m */; };
		8E66BCBA1BF205FB004BF3B5 /* BSTitleButton.m in Sources */ = {isa = PBXBuildFile; fileRef = 8E66BCB91BF205FB004BF3B5 /* BSTitleButton.m */; };
		8E8270931BEA239C00031498 /* BSConst.m in Sources */ = {isa = PBXBuildFile; fileRef = 8E8270921BEA239C00031498 /* BSConst.m */; };
		8E8270961BEA4DBE00031498 /* UIImage+BSCircle.m in Sources */ = {isa = PBXBuildFile; fileRef = 8E8270951BEA4DBE00031498 /* UIImage+BSCircle.m */; };
		8E8270991BEA552700031498 /* UIImageView+BSHeaderImage.m in Sources */ = {isa = PBXBuildFile; fileRef = 8E8270981BEA552700031498 /* UIImageView+BSHeaderImage.m */; };
		8E83EF461BE98FC00098413D /* UIView+BSExtension.m in Sources */ = {isa = PBXBuildFile; fileRef = 8E83EF451BE98FC00098413D /* UIView+BSExtension.m */; };
		8E83EF491BE9A2730098413D /* BSEssenceViewController.m in Sources */ = {isa = PBXBuildFile; fileRef = 8E83EF481BE9A2730098413D /* BSEssenceViewController.m */; };
		8E83EF4F1BE9B8D50098413D /* UIBarButtonItem+BSExtension.m in Sources */ = {isa = PBXBuildFile; fileRef = 8E83EF4E1BE9B8D50098413D /* UIBarButtonItem+BSExtension.m */; };
		8E83EF521BE9ECD50098413D /* BSTagSubViewController.m in Sources */ = {isa = PBXBuildFile; fileRef = 8E83EF511BE9ECD50098413D /* BSTagSubViewController.m */; };
		8E83EF561BE9F6D70098413D /* BSTagSubCell.m in Sources */ = {isa = PBXBuildFile; fileRef = 8E83EF541BE9F6D70098413D /* BSTagSubCell.m */; };
		8E83EF571BE9F6D70098413D /* BSTagSubCell.xib in Resources */ = {isa = PBXBuildFile; fileRef = 8E83EF551BE9F6D70098413D /* BSTagSubCell.xib */; };
		8E83EF5A1BE9F9260098413D /* BSTagSub.m in Sources */ = {isa = PBXBuildFile; fileRef = 8E83EF591BE9F9260098413D /* BSTagSub.m */; };
		8EA21ECF1BEC56F300C0D1CB /* BSQuickLoginButton.m in Sources */ = {isa = PBXBuildFile; fileRef = 8EA21ECE1BEC56F300C0D1CB /* BSQuickLoginButton.m */; };
		8EA21ED21BEC860700C0D1CB /* BSPlaceholderTextField.m in Sources */ = {isa = PBXBuildFile; fileRef = 8EA21ED11BEC860700C0D1CB /* BSPlaceholderTextField.m */; };
		8EAC13F51BE8DEE500AA0CF3 /* BSPublishViewController.m in Sources */ = {isa = PBXBuildFile; fileRef = 8EAC13F31BE8DEE500AA0CF3 /* BSPublishViewController.m */; };
		8EAC13F61BE8DEE500AA0CF3 /* BSPublishViewController.xib in Resources */ = {isa = PBXBuildFile; fileRef = 8EAC13F41BE8DEE500AA0CF3 /* BSPublishViewController.xib */; };
		8EAE2DD61BFEF49900D3376F /* BSComment.m in Sources */ = {isa = PBXBuildFile; fileRef = 8EAE2DD51BFEF49900D3376F /* BSComment.m */; };
		8EAE2DD91BFEF4A500D3376F /* BSUser.m in Sources */ = {isa = PBXBuildFile; fileRef = 8EAE2DD81BFEF4A500D3376F /* BSUser.m */; };
		8EAE2DDC1BFF194800D3376F /* BSTopicPictureView.m in Sources */ = {isa = PBXBuildFile; fileRef = 8EAE2DDB1BFF194800D3376F /* BSTopicPictureView.m */; };
		8EAE2DDE1BFF195F00D3376F /* BSTopicPictureView.xib in Resources */ = {isa = PBXBuildFile; fileRef = 8EAE2DDD1BFF195F00D3376F /* BSTopicPictureView.xib */; };
		8EB192FB1C075F37005EC5A7 /* BSTopicViewController.m in Sources */ = {isa = PBXBuildFile; fileRef = 8EB192FA1C075F37005EC5A7 /* BSTopicViewController.m */; };
		8EB2932F1BEDF9A000E6E15C /* BSWebViewController.m in Sources */ = {isa = PBXBuildFile; fileRef = 8EB2932E1BEDF9A000E6E15C /* BSWebViewController.m */; };
		8EB293331BEDFF9600E6E15C /* BSWebViewController.xib in Resources */ = {isa = PBXBuildFile; fileRef = 8EB293321BEDFF9600E6E15C /* BSWebViewController.xib */; };
		8EB327761C0DB21700667861 /* BSAVPlayer.m in Sources */ = {isa = PBXBuildFile; fileRef = 8EB327741C0DB21700667861 /* BSAVPlayer.m */; };
		8EBA9B6A1BED9D320016819F /* UITextField+BSPlaceholderColor.m in Sources */ = {isa = PBXBuildFile; fileRef = 8EBA9B691BED9D320016819F /* UITextField+BSPlaceholderColor.m */; };
		8EBA9B6D1BEDD07F0016819F /* BSMeCell.m in Sources */ = {isa = PBXBuildFile; fileRef = 8EBA9B6C1BEDD07F0016819F /* BSMeCell.m */; };
		8EBA9B701BEDD4390016819F /* BSFooterView.m in Sources */ = {isa = PBXBuildFile; fileRef = 8EBA9B6F1BEDD4390016819F /* BSFooterView.m */; };
		8EBA9B731BEDDB020016819F /* BSSquareButton.m in Sources */ = {isa = PBXBuildFile; fileRef = 8EBA9B721BEDDB020016819F /* BSSquareButton.m */; };
		8EBA9B761BEDDE430016819F /* BSSquare.m in Sources */ = {isa = PBXBuildFile; fileRef = 8EBA9B751BEDDE430016819F /* BSSquare.m */; };
		8EED47791C018228001D54B4 /* BSBigImageViewController.m in Sources */ = {isa = PBXBuildFile; fileRef = 8EED47771C018228001D54B4 /* BSBigImageViewController.m */; };
		8EED477A1C018228001D54B4 /* BSBigImageViewController.xib in Resources */ = {isa = PBXBuildFile; fileRef = 8EED47781C018228001D54B4 /* BSBigImageViewController.xib */; };
		8EED47BC1C01BA70001D54B4 /* BSTopicVoiceView.m in Sources */ = {isa = PBXBuildFile; fileRef = 8EED47BB1C01BA70001D54B4 /* BSTopicVoiceView.m */; };
		8EED47BE1C01BA7F001D54B4 /* BSTopicVoiceView.xib in Resources */ = {isa = PBXBuildFile; fileRef = 8EED47BD1C01BA7F001D54B4 /* BSTopicVoiceView.xib */; };
		8EED47C11C01BA90001D54B4 /* BSTopicVideoView.m in Sources */ = {isa = PBXBuildFile; fileRef = 8EED47C01C01BA90001D54B4 /* BSTopicVideoView.m */; };
		8EED47C31C01BAA0001D54B4 /* BSTopicVideoView.xib in Resources */ = {isa = PBXBuildFile; fileRef = 8EED47C21C01BAA0001D54B4 /* BSTopicVideoView.xib */; };
		8EF6BC131BE5E58B0081E76E /* Assets.xcassets in Resources */ = {isa = PBXBuildFile; fileRef = 8EF6BC121BE5E58B0081E76E /* Assets.xcassets */; };
		8EF6BC211BE5E58B0081E76E /* BaiSiBuDeJieTests.m in Sources */ = {isa = PBXBuildFile; fileRef = 8EF6BC201BE5E58B0081E76E /* BaiSiBuDeJieTests.m */; };
		8EF6BC2C1BE5E58B0081E76E /* BaiSiBuDeJieUITests.m in Sources */ = {isa = PBXBuildFile; fileRef = 8EF6BC2B1BE5E58B0081E76E /* BaiSiBuDeJieUITests.m */; };
		8EF6BC651BE5F02C0081E76E /* BSNavigationController.m in Sources */ = {isa = PBXBuildFile; fileRef = 8EF6BC4B1BE5F02C0081E76E /* BSNavigationController.m */; };
		8EF6BC661BE5F02C0081E76E /* BSTabBarController.m in Sources */ = {isa = PBXBuildFile; fileRef = 8EF6BC4D1BE5F02C0081E76E /* BSTabBarController.m */; };
		8EF6BC671BE5F02C0081E76E /* AppDelegate.m in Sources */ = {isa = PBXBuildFile; fileRef = 8EF6BC5A1BE5F02C0081E76E /* AppDelegate.m */; };
		8EF6BC681BE5F02C0081E76E /* main.m in Sources */ = {isa = PBXBuildFile; fileRef = 8EF6BC5C1BE5F02C0081E76E /* main.m */; };
		8EF6BC6E1BE5F0870081E76E /* BSFriendTrendsViewController.m in Sources */ = {isa = PBXBuildFile; fileRef = 8EF6BC6D1BE5F0870081E76E /* BSFriendTrendsViewController.m */; };
		8EF6BC741BE5F0E90081E76E /* BSMeViewController.m in Sources */ = {isa = PBXBuildFile; fileRef = 8EF6BC731BE5F0E90081E76E /* BSMeViewController.m */; };
		8EFDA5AF1BE9FBE900D53ABB /* BSHTTPSessionManager.m in Sources */ = {isa = PBXBuildFile; fileRef = 8EFDA5AE1BE9FBE900D53ABB /* BSHTTPSessionManager.m */; };
		8EFF50831BF72121006DBBAE /* BSTopic.m in Sources */ = {isa = PBXBuildFile; fileRef = 8EFF50821BF72121006DBBAE /* BSTopic.m */; };
		8EFF50871BF727EF006DBBAE /* BSTopicCell.m in Sources */ = {isa = PBXBuildFile; fileRef = 8EFF50851BF727EF006DBBAE /* BSTopicCell.m */; };
		8EFF50881BF727EF006DBBAE /* BSTopicCell.xib in Resources */ = {isa = PBXBuildFile; fileRef = 8EFF50861BF727EF006DBBAE /* BSTopicCell.xib */; };
		8EFF50D31BF74CB1006DBBAE /* NSDate+BSExtension.m in Sources */ = {isa = PBXBuildFile; fileRef = 8EFF50D21BF74CB1006DBBAE /* NSDate+BSExtension.m */; };
/* End PBXBuildFile section */

/* Begin PBXContainerItemProxy section */
		8EF6BC1D1BE5E58B0081E76E /* PBXContainerItemProxy */ = {
			isa = PBXContainerItemProxy;
			containerPortal = 8EF6BBFB1BE5E58B0081E76E /* Project object */;
			proxyType = 1;
			remoteGlobalIDString = 8EF6BC021BE5E58B0081E76E;
			remoteInfo = BaiSiBuDeJie;
		};
		8EF6BC281BE5E58B0081E76E /* PBXContainerItemProxy */ = {
			isa = PBXContainerItemProxy;
			containerPortal = 8EF6BBFB1BE5E58B0081E76E /* Project object */;
			proxyType = 1;
			remoteGlobalIDString = 8EF6BC021BE5E58B0081E76E;
			remoteInfo = BaiSiBuDeJie;
		};
/* End PBXContainerItemProxy section */

/* Begin PBXFileReference section */
		3A3F197724067FC86704FE8B /* Pods.release.xcconfig */ = {isa = PBXFileReference; includeInIndex = 1; lastKnownFileType = text.xcconfig; name = Pods.release.xcconfig; path = "Pods/Target Support Files/Pods/Pods.release.xcconfig"; sourceTree = "<group>"; };
		8E096A4D1C11D220007CFDB6 /* BSStatusBarViewController.h */ = {isa = PBXFileReference; fileEncoding = 4; lastKnownFileType = sourcecode.c.h; path = BSStatusBarViewController.h; sourceTree = "<group>"; };
		8E096A4E1C11D220007CFDB6 /* BSStatusBarViewController.m */ = {isa = PBXFileReference; fileEncoding = 4; lastKnownFileType = sourcecode.c.objc; path = BSStatusBarViewController.m; sourceTree = "<group>"; };
		8E1970741C081AE6005FE8D3 /* BSCommentViewController.h */ = {isa = PBXFileReference; fileEncoding = 4; lastKnownFileType = sourcecode.c.h; path = BSCommentViewController.h; sourceTree = "<group>"; };
		8E1970751C081AE6005FE8D3 /* BSCommentViewController.m */ = {isa = PBXFileReference; fileEncoding = 4; lastKnownFileType = sourcecode.c.objc; path = BSCommentViewController.m; sourceTree = "<group>"; };
		8E1970761C081AE6005FE8D3 /* BSCommentViewController.xib */ = {isa = PBXFileReference; fileEncoding = 4; lastKnownFileType = file.xib; path = BSCommentViewController.xib; sourceTree = "<group>"; };
		8E1970791C081B39005FE8D3 /* BSCommentCell.h */ = {isa = PBXFileReference; fileEncoding = 4; lastKnownFileType = sourcecode.c.h; path = BSCommentCell.h; sourceTree = "<group>"; };
		8E19707A1C081B39005FE8D3 /* BSCommentCell.m */ = {isa = PBXFileReference; fileEncoding = 4; lastKnownFileType = sourcecode.c.objc; path = BSCommentCell.m; sourceTree = "<group>"; };
		8E19707B1C081B39005FE8D3 /* BSCommentCell.xib */ = {isa = PBXFileReference; fileEncoding = 4; lastKnownFileType = file.xib; path = BSCommentCell.xib; sourceTree = "<group>"; };
		8E19707E1C085F18005FE8D3 /* BSCommentHeaderView.h */ = {isa = PBXFileReference; fileEncoding = 4; lastKnownFileType = sourcecode.c.h; path = BSCommentHeaderView.h; sourceTree = "<group>"; };
		8E19707F1C085F18005FE8D3 /* BSCommentHeaderView.m */ = {isa = PBXFileReference; fileEncoding = 4; lastKnownFileType = sourcecode.c.objc; path = BSCommentHeaderView.m; sourceTree = "<group>"; };
		8E24C4E11BE7894B00AEE4A3 /* BSTabBar.h */ = {isa = PBXFileReference; fileEncoding = 4; lastKnownFileType = sourcecode.c.h; path = BSTabBar.h; sourceTree = "<group>"; };
		8E24C4E21BE7894B00AEE4A3 /* BSTabBar.m */ = {isa = PBXFileReference; fileEncoding = 4; lastKnownFileType = sourcecode.c.objc; path = BSTabBar.m; sourceTree = "<group>"; };
		8E2F8D0F1C19674300BEE2B0 /* BSPublishButton.h */ = {isa = PBXFileReference; fileEncoding = 4; lastKnownFileType = sourcecode.c.h; path = BSPublishButton.h; sourceTree = "<group>"; };
		8E2F8D101C19674300BEE2B0 /* BSPublishButton.m */ = {isa = PBXFileReference; fileEncoding = 4; lastKnownFileType = sourcecode.c.objc; path = BSPublishButton.m; sourceTree = "<group>"; };
		8E33191D1BF0679600DE0A08 /* BSRecommendCategory.h */ = {isa = PBXFileReference; fileEncoding = 4; lastKnownFileType = sourcecode.c.h; path = BSRecommendCategory.h; sourceTree = "<group>"; };
		8E33191E1BF0679600DE0A08 /* BSRecommendCategory.m */ = {isa = PBXFileReference; fileEncoding = 4; lastKnownFileType = sourcecode.c.objc; path = BSRecommendCategory.m; sourceTree = "<group>"; };
		8E3319201BF067A600DE0A08 /* BSRecommendUsers.h */ = {isa = PBXFileReference; fileEncoding = 4; lastKnownFileType = sourcecode.c.h; path = BSRecommendUsers.h; sourceTree = "<group>"; };
		8E3319211BF067A600DE0A08 /* BSRecommendUsers.m */ = {isa = PBXFileReference; fileEncoding = 4; lastKnownFileType = sourcecode.c.objc; path = BSRecommendUsers.m; sourceTree = "<group>"; };
		8E3319231BF067D000DE0A08 /* BSRecommendCategoryCell.h */ = {isa = PBXFileReference; fileEncoding = 4; lastKnownFileType = sourcecode.c.h; path = BSRecommendCategoryCell.h; sourceTree = "<group>"; };
		8E3319241BF067D000DE0A08 /* BSRecommendCategoryCell.m */ = {isa = PBXFileReference; fileEncoding = 4; lastKnownFileType = sourcecode.c.objc; path = BSRecommendCategoryCell.m; sourceTree = "<group>"; };
		8E3319261BF067E300DE0A08 /* BSRecommendUsersCell.h */ = {isa = PBXFileReference; fileEncoding = 4; lastKnownFileType = sourcecode.c.h; path = BSRecommendUsersCell.h; sourceTree = "<group>"; };
		8E3319271BF067E300DE0A08 /* BSRecommendUsersCell.m */ = {isa = PBXFileReference; fileEncoding = 4; lastKnownFileType = sourcecode.c.objc; path = BSRecommendUsersCell.m; sourceTree = "<group>"; };
		8E3319291BF0820100DE0A08 /* BSExtensionConfig.h */ = {isa = PBXFileReference; fileEncoding = 4; lastKnownFileType = sourcecode.c.h; path = BSExtensionConfig.h; sourceTree = "<group>"; };
		8E33192A1BF0820100DE0A08 /* BSExtensionConfig.m */ = {isa = PBXFileReference; fileEncoding = 4; lastKnownFileType = sourcecode.c.objc; path = BSExtensionConfig.m; sourceTree = "<group>"; };
		8E431F361BEF179E0018B812 /* BSSettingViewController.h */ = {isa = PBXFileReference; fileEncoding = 4; lastKnownFileType = sourcecode.c.h; path = BSSettingViewController.h; sourceTree = "<group>"; };
		8E431F371BEF179E0018B812 /* BSSettingViewController.m */ = {isa = PBXFileReference; fileEncoding = 4; lastKnownFileType = sourcecode.c.objc; path = BSSettingViewController.m; sourceTree = "<group>"; };
		8E431F391BEF29940018B812 /* BSClearCachesCell.h */ = {isa = PBXFileReference; fileEncoding = 4; lastKnownFileType = sourcecode.c.h; path = BSClearCachesCell.h; sourceTree = "<group>"; };
		8E431F3A1BEF29940018B812 /* BSClearCachesCell.m */ = {isa = PBXFileReference; fileEncoding = 4; lastKnownFileType = sourcecode.c.objc; path = BSClearCachesCell.m; sourceTree = "<group>"; };
		8E431F3C1BEF3CF00018B812 /* NSString+BSFileSize.h */ = {isa = PBXFileReference; fileEncoding = 4; lastKnownFileType = sourcecode.c.h; path = "NSString+BSFileSize.h"; sourceTree = "<group>"; };
		8E431F3D1BEF3CF00018B812 /* NSString+BSFileSize.m */ = {isa = PBXFileReference; fileEncoding = 4; lastKnownFileType = sourcecode.c.objc; path = "NSString+BSFileSize.m"; sourceTree = "<group>"; };
		8E5BFF451BEBA85F00541669 /* BSRecommentViewController.h */ = {isa = PBXFileReference; fileEncoding = 4; lastKnownFileType = sourcecode.c.h; path = BSRecommentViewController.h; sourceTree = "<group>"; };
		8E5BFF461BEBA85F00541669 /* BSRecommentViewController.m */ = {isa = PBXFileReference; fileEncoding = 4; lastKnownFileType = sourcecode.c.objc; path = BSRecommentViewController.m; sourceTree = "<group>"; };
		8E5BFF481BEBAA4000541669 /* BSFriendTrendsViewController.storyboard */ = {isa = PBXFileReference; fileEncoding = 4; lastKnownFileType = file.storyboard; path = BSFriendTrendsViewController.storyboard; sourceTree = "<group>"; };
		8E5BFF4A1BEBB28D00541669 /* BSLoginRegisterViewController.h */ = {isa = PBXFileReference; fileEncoding = 4; lastKnownFileType = sourcecode.c.h; path = BSLoginRegisterViewController.h; sourceTree = "<group>"; };
		8E5BFF4B1BEBB28D00541669 /* BSLoginRegisterViewController.m */ = {isa = PBXFileReference; fileEncoding = 4; lastKnownFileType = sourcecode.c.objc; path = BSLoginRegisterViewController.m; sourceTree = "<group>"; };
		8E5CB9A41C1D7E8A00ABBFB8 /* BSPostWordViewController.h */ = {isa = PBXFileReference; fileEncoding = 4; lastKnownFileType = sourcecode.c.h; path = BSPostWordViewController.h; sourceTree = "<group>"; };
		8E5CB9A51C1D7E8A00ABBFB8 /* BSPostWordViewController.m */ = {isa = PBXFileReference; fileEncoding = 4; lastKnownFileType = sourcecode.c.objc; path = BSPostWordViewController.m; sourceTree = "<group>"; };
		8E5CB9A71C1DA7FE00ABBFB8 /* BSPlaceholderTextView.h */ = {isa = PBXFileReference; fileEncoding = 4; lastKnownFileType = sourcecode.c.h; path = BSPlaceholderTextView.h; sourceTree = "<group>"; };
		8E5CB9A81C1DA7FE00ABBFB8 /* BSPlaceholderTextView.m */ = {isa = PBXFileReference; fileEncoding = 4; lastKnownFileType = sourcecode.c.objc; path = BSPlaceholderTextView.m; sourceTree = "<group>"; };
		8E5CB9AA1C1EBC0500ABBFB8 /* BSPostWordToolbar.h */ = {isa = PBXFileReference; fileEncoding = 4; lastKnownFileType = sourcecode.c.h; path = BSPostWordToolbar.h; sourceTree = "<group>"; };
		8E5CB9AB1C1EBC0500ABBFB8 /* BSPostWordToolbar.m */ = {isa = PBXFileReference; fileEncoding = 4; lastKnownFileType = sourcecode.c.objc; path = BSPostWordToolbar.m; sourceTree = "<group>"; };
		8E5CB9AD1C1EBC1900ABBFB8 /* BSPostWordToolbar.xib */ = {isa = PBXFileReference; fileEncoding = 4; lastKnownFileType = file.xib; path = BSPostWordToolbar.xib; sourceTree = "<group>"; };
		8E5CB9AF1C1EEF0800ABBFB8 /* BSAddTagViewController.h */ = {isa = PBXFileReference; fileEncoding = 4; lastKnownFileType = sourcecode.c.h; path = BSAddTagViewController.h; sourceTree = "<group>"; };
		8E5CB9B01C1EEF0800ABBFB8 /* BSAddTagViewController.m */ = {isa = PBXFileReference; fileEncoding = 4; lastKnownFileType = sourcecode.c.objc; path = BSAddTagViewController.m; sourceTree = "<group>"; };
		8E66BCA91BF19DCC004BF3B5 /* BSAllViewController.h */ = {isa = PBXFileReference; fileEncoding = 4; lastKnownFileType = sourcecode.c.h; path = BSAllViewController.h; sourceTree = "<group>"; };
		8E66BCAA1BF19DCC004BF3B5 /* BSAllViewController.m */ = {isa = PBXFileReference; fileEncoding = 4; lastKnownFileType = sourcecode.c.objc; path = BSAllViewController.m; sourceTree = "<group>"; };
		8E66BCAC1BF19DE7004BF3B5 /* BSPictureViewController.h */ = {isa = PBXFileReference; fileEncoding = 4; lastKnownFileType = sourcecode.c.h; path = BSPictureViewController.h; sourceTree = "<group>"; };
		8E66BCAD1BF19DE7004BF3B5 /* BSPictureViewController.m */ = {isa = PBXFileReference; fileEncoding = 4; lastKnownFileType = sourcecode.c.objc; path = BSPictureViewController.m; sourceTree = "<group>"; };
		8E66BCAF1BF19E08004BF3B5 /* BSVideoViewController.h */ = {isa = PBXFileReference; fileEncoding = 4; lastKnownFileType = sourcecode.c.h; path = BSVideoViewController.h; sourceTree = "<group>"; };
		8E66BCB01BF19E08004BF3B5 /* BSVideoViewController.m */ = {isa = PBXFileReference; fileEncoding = 4; lastKnownFileType = sourcecode.c.objc; path = BSVideoViewController.m; sourceTree = "<group>"; };
		8E66BCB21BF19E15004BF3B5 /* BSVoiceViewController.h */ = {isa = PBXFileReference; fileEncoding = 4; lastKnownFileType = sourcecode.c.h; path = BSVoiceViewController.h; sourceTree = "<group>"; };
		8E66BCB31BF19E15004BF3B5 /* BSVoiceViewController.m */ = {isa = PBXFileReference; fileEncoding = 4; lastKnownFileType = sourcecode.c.objc; path = BSVoiceViewController.m; sourceTree = "<group>"; };
		8E66BCB51BF19E28004BF3B5 /* BSWordViewController.h */ = {isa = PBXFileReference; fileEncoding = 4; lastKnownFileType = sourcecode.c.h; path = BSWordViewController.h; sourceTree = "<group>"; };
		8E66BCB61BF19E28004BF3B5 /* BSWordViewController.m */ = {isa = PBXFileReference; fileEncoding = 4; lastKnownFileType = sourcecode.c.objc; path = BSWordViewController.m; sourceTree = "<group>"; };
		8E66BCB81BF205FB004BF3B5 /* BSTitleButton.h */ = {isa = PBXFileReference; fileEncoding = 4; lastKnownFileType = sourcecode.c.h; path = BSTitleButton.h; sourceTree = "<group>"; };
		8E66BCB91BF205FB004BF3B5 /* BSTitleButton.m */ = {isa = PBXFileReference; fileEncoding = 4; lastKnownFileType = sourcecode.c.objc; path = BSTitleButton.m; sourceTree = "<group>"; };
		8E8270911BEA239C00031498 /* BSConst.h */ = {isa = PBXFileReference; fileEncoding = 4; lastKnownFileType = sourcecode.c.h; path = BSConst.h; sourceTree = "<group>"; };
		8E8270921BEA239C00031498 /* BSConst.m */ = {isa = PBXFileReference; fileEncoding = 4; lastKnownFileType = sourcecode.c.objc; path = BSConst.m; sourceTree = "<group>"; };
		8E8270941BEA4DBE00031498 /* UIImage+BSCircle.h */ = {isa = PBXFileReference; fileEncoding = 4; lastKnownFileType = sourcecode.c.h; path = "UIImage+BSCircle.h"; sourceTree = "<group>"; };
		8E8270951BEA4DBE00031498 /* UIImage+BSCircle.m */ = {isa = PBXFileReference; fileEncoding = 4; lastKnownFileType = sourcecode.c.objc; path = "UIImage+BSCircle.m"; sourceTree = "<group>"; };
		8E8270971BEA552700031498 /* UIImageView+BSHeaderImage.h */ = {isa = PBXFileReference; fileEncoding = 4; lastKnownFileType = sourcecode.c.h; path = "UIImageView+BSHeaderImage.h"; sourceTree = "<group>"; };
		8E8270981BEA552700031498 /* UIImageView+BSHeaderImage.m */ = {isa = PBXFileReference; fileEncoding = 4; lastKnownFileType = sourcecode.c.objc; path = "UIImageView+BSHeaderImage.m"; sourceTree = "<group>"; };
		8E83EF441BE98FC00098413D /* UIView+BSExtension.h */ = {isa = PBXFileReference; fileEncoding = 4; lastKnownFileType = sourcecode.c.h; path = "UIView+BSExtension.h"; sourceTree = "<group>"; };
		8E83EF451BE98FC00098413D /* UIView+BSExtension.m */ = {isa = PBXFileReference; fileEncoding = 4; lastKnownFileType = sourcecode.c.objc; path = "UIView+BSExtension.m"; sourceTree = "<group>"; };
		8E83EF471BE9A2730098413D /* BSEssenceViewController.h */ = {isa = PBXFileReference; fileEncoding = 4; lastKnownFileType = sourcecode.c.h; path = BSEssenceViewController.h; sourceTree = "<group>"; };
		8E83EF481BE9A2730098413D /* BSEssenceViewController.m */ = {isa = PBXFileReference; fileEncoding = 4; lastKnownFileType = sourcecode.c.objc; path = BSEssenceViewController.m; sourceTree = "<group>"; };
		8E83EF4D1BE9B8D50098413D /* UIBarButtonItem+BSExtension.h */ = {isa = PBXFileReference; fileEncoding = 4; lastKnownFileType = sourcecode.c.h; path = "UIBarButtonItem+BSExtension.h"; sourceTree = "<group>"; };
		8E83EF4E1BE9B8D50098413D /* UIBarButtonItem+BSExtension.m */ = {isa = PBXFileReference; fileEncoding = 4; lastKnownFileType = sourcecode.c.objc; path = "UIBarButtonItem+BSExtension.m"; sourceTree = "<group>"; };
		8E83EF501BE9ECD50098413D /* BSTagSubViewController.h */ = {isa = PBXFileReference; fileEncoding = 4; lastKnownFileType = sourcecode.c.h; path = BSTagSubViewController.h; sourceTree = "<group>"; };
		8E83EF511BE9ECD50098413D /* BSTagSubViewController.m */ = {isa = PBXFileReference; fileEncoding = 4; lastKnownFileType = sourcecode.c.objc; path = BSTagSubViewController.m; sourceTree = "<group>"; };
		8E83EF531BE9F6D70098413D /* BSTagSubCell.h */ = {isa = PBXFileReference; fileEncoding = 4; lastKnownFileType = sourcecode.c.h; path = BSTagSubCell.h; sourceTree = "<group>"; };
		8E83EF541BE9F6D70098413D /* BSTagSubCell.m */ = {isa = PBXFileReference; fileEncoding = 4; lastKnownFileType = sourcecode.c.objc; path = BSTagSubCell.m; sourceTree = "<group>"; };
		8E83EF551BE9F6D70098413D /* BSTagSubCell.xib */ = {isa = PBXFileReference; fileEncoding = 4; lastKnownFileType = file.xib; path = BSTagSubCell.xib; sourceTree = "<group>"; };
		8E83EF581BE9F9260098413D /* BSTagSub.h */ = {isa = PBXFileReference; fileEncoding = 4; lastKnownFileType = sourcecode.c.h; path = BSTagSub.h; sourceTree = "<group>"; };
		8E83EF591BE9F9260098413D /* BSTagSub.m */ = {isa = PBXFileReference; fileEncoding = 4; lastKnownFileType = sourcecode.c.objc; path = BSTagSub.m; sourceTree = "<group>"; };
		8EA21ECD1BEC56F300C0D1CB /* BSQuickLoginButton.h */ = {isa = PBXFileReference; fileEncoding = 4; lastKnownFileType = sourcecode.c.h; path = BSQuickLoginButton.h; sourceTree = "<group>"; };
		8EA21ECE1BEC56F300C0D1CB /* BSQuickLoginButton.m */ = {isa = PBXFileReference; fileEncoding = 4; lastKnownFileType = sourcecode.c.objc; path = BSQuickLoginButton.m; sourceTree = "<group>"; };
		8EA21ED01BEC860700C0D1CB /* BSPlaceholderTextField.h */ = {isa = PBXFileReference; fileEncoding = 4; lastKnownFileType = sourcecode.c.h; path = BSPlaceholderTextField.h; sourceTree = "<group>"; };
		8EA21ED11BEC860700C0D1CB /* BSPlaceholderTextField.m */ = {isa = PBXFileReference; fileEncoding = 4; lastKnownFileType = sourcecode.c.objc; path = BSPlaceholderTextField.m; sourceTree = "<group>"; };
		8EAC13F21BE8DEE500AA0CF3 /* BSPublishViewController.h */ = {isa = PBXFileReference; fileEncoding = 4; lastKnownFileType = sourcecode.c.h; path = BSPublishViewController.h; sourceTree = "<group>"; };
		8EAC13F31BE8DEE500AA0CF3 /* BSPublishViewController.m */ = {isa = PBXFileReference; fileEncoding = 4; lastKnownFileType = sourcecode.c.objc; path = BSPublishViewController.m; sourceTree = "<group>"; };
		8EAC13F41BE8DEE500AA0CF3 /* BSPublishViewController.xib */ = {isa = PBXFileReference; fileEncoding = 4; lastKnownFileType = file.xib; path = BSPublishViewController.xib; sourceTree = "<group>"; };
		8EAE2DD41BFEF49900D3376F /* BSComment.h */ = {isa = PBXFileReference; fileEncoding = 4; lastKnownFileType = sourcecode.c.h; path = BSComment.h; sourceTree = "<group>"; };
		8EAE2DD51BFEF49900D3376F /* BSComment.m */ = {isa = PBXFileReference; fileEncoding = 4; lastKnownFileType = sourcecode.c.objc; path = BSComment.m; sourceTree = "<group>"; };
		8EAE2DD71BFEF4A500D3376F /* BSUser.h */ = {isa = PBXFileReference; fileEncoding = 4; lastKnownFileType = sourcecode.c.h; path = BSUser.h; sourceTree = "<group>"; };
		8EAE2DD81BFEF4A500D3376F /* BSUser.m */ = {isa = PBXFileReference; fileEncoding = 4; lastKnownFileType = sourcecode.c.objc; path = BSUser.m; sourceTree = "<group>"; };
		8EAE2DDA1BFF194800D3376F /* BSTopicPictureView.h */ = {isa = PBXFileReference; fileEncoding = 4; lastKnownFileType = sourcecode.c.h; path = BSTopicPictureView.h; sourceTree = "<group>"; };
		8EAE2DDB1BFF194800D3376F /* BSTopicPictureView.m */ = {isa = PBXFileReference; fileEncoding = 4; lastKnownFileType = sourcecode.c.objc; path = BSTopicPictureView.m; sourceTree = "<group>"; };
		8EAE2DDD1BFF195F00D3376F /* BSTopicPictureView.xib */ = {isa = PBXFileReference; fileEncoding = 4; lastKnownFileType = file.xib; path = BSTopicPictureView.xib; sourceTree = "<group>"; };
		8EB192F91C075F37005EC5A7 /* BSTopicViewController.h */ = {isa = PBXFileReference; fileEncoding = 4; lastKnownFileType = sourcecode.c.h; path = BSTopicViewController.h; sourceTree = "<group>"; };
		8EB192FA1C075F37005EC5A7 /* BSTopicViewController.m */ = {isa = PBXFileReference; fileEncoding = 4; lastKnownFileType = sourcecode.c.objc; path = BSTopicViewController.m; sourceTree = "<group>"; };
		8EB2932D1BEDF9A000E6E15C /* BSWebViewController.h */ = {isa = PBXFileReference; fileEncoding = 4; lastKnownFileType = sourcecode.c.h; path = BSWebViewController.h; sourceTree = "<group>"; };
		8EB2932E1BEDF9A000E6E15C /* BSWebViewController.m */ = {isa = PBXFileReference; fileEncoding = 4; lastKnownFileType = sourcecode.c.objc; path = BSWebViewController.m; sourceTree = "<group>"; };
		8EB293321BEDFF9600E6E15C /* BSWebViewController.xib */ = {isa = PBXFileReference; fileEncoding = 4; lastKnownFileType = file.xib; path = BSWebViewController.xib; sourceTree = "<group>"; };
		8EB327731C0DB21700667861 /* BSAVPlayer.h */ = {isa = PBXFileReference; fileEncoding = 4; lastKnownFileType = sourcecode.c.h; path = BSAVPlayer.h; sourceTree = "<group>"; };
		8EB327741C0DB21700667861 /* BSAVPlayer.m */ = {isa = PBXFileReference; fileEncoding = 4; lastKnownFileType = sourcecode.c.objc; path = BSAVPlayer.m; sourceTree = "<group>"; };
		8EB327751C0DB21700667861 /* ZJSingleton.h */ = {isa = PBXFileReference; fileEncoding = 4; lastKnownFileType = sourcecode.c.h; path = ZJSingleton.h; sourceTree = "<group>"; };
		8EBA9B681BED9D320016819F /* UITextField+BSPlaceholderColor.h */ = {isa = PBXFileReference; fileEncoding = 4; lastKnownFileType = sourcecode.c.h; path = "UITextField+BSPlaceholderColor.h"; sourceTree = "<group>"; };
		8EBA9B691BED9D320016819F /* UITextField+BSPlaceholderColor.m */ = {isa = PBXFileReference; fileEncoding = 4; lastKnownFileType = sourcecode.c.objc; path = "UITextField+BSPlaceholderColor.m"; sourceTree = "<group>"; };
		8EBA9B6B1BEDD07F0016819F /* BSMeCell.h */ = {isa = PBXFileReference; fileEncoding = 4; lastKnownFileType = sourcecode.c.h; path = BSMeCell.h; sourceTree = "<group>"; };
		8EBA9B6C1BEDD07F0016819F /* BSMeCell.m */ = {isa = PBXFileReference; fileEncoding = 4; lastKnownFileType = sourcecode.c.objc; path = BSMeCell.m; sourceTree = "<group>"; };
		8EBA9B6E1BEDD4390016819F /* BSFooterView.h */ = {isa = PBXFileReference; fileEncoding = 4; lastKnownFileType = sourcecode.c.h; path = BSFooterView.h; sourceTree = "<group>"; };
		8EBA9B6F1BEDD4390016819F /* BSFooterView.m */ = {isa = PBXFileReference; fileEncoding = 4; lastKnownFileType = sourcecode.c.objc; path = BSFooterView.m; sourceTree = "<group>"; };
		8EBA9B711BEDDB020016819F /* BSSquareButton.h */ = {isa = PBXFileReference; fileEncoding = 4; lastKnownFileType = sourcecode.c.h; path = BSSquareButton.h; sourceTree = "<group>"; };
		8EBA9B721BEDDB020016819F /* BSSquareButton.m */ = {isa = PBXFileReference; fileEncoding = 4; lastKnownFileType = sourcecode.c.objc; path = BSSquareButton.m; sourceTree = "<group>"; };
		8EBA9B741BEDDE430016819F /* BSSquare.h */ = {isa = PBXFileReference; fileEncoding = 4; lastKnownFileType = sourcecode.c.h; path = BSSquare.h; sourceTree = "<group>"; };
		8EBA9B751BEDDE430016819F /* BSSquare.m */ = {isa = PBXFileReference; fileEncoding = 4; lastKnownFileType = sourcecode.c.objc; path = BSSquare.m; sourceTree = "<group>"; };
		8EED47761C018228001D54B4 /* BSBigImageViewController.h */ = {isa = PBXFileReference; fileEncoding = 4; lastKnownFileType = sourcecode.c.h; path = BSBigImageViewController.h; sourceTree = "<group>"; };
		8EED47771C018228001D54B4 /* BSBigImageViewController.m */ = {isa = PBXFileReference; fileEncoding = 4; lastKnownFileType = sourcecode.c.objc; path = BSBigImageViewController.m; sourceTree = "<group>"; };
		8EED47781C018228001D54B4 /* BSBigImageViewController.xib */ = {isa = PBXFileReference; fileEncoding = 4; lastKnownFileType = file.xib; path = BSBigImageViewController.xib; sourceTree = "<group>"; };
		8EED47BA1C01BA70001D54B4 /* BSTopicVoiceView.h */ = {isa = PBXFileReference; fileEncoding = 4; lastKnownFileType = sourcecode.c.h; path = BSTopicVoiceView.h; sourceTree = "<group>"; };
		8EED47BB1C01BA70001D54B4 /* BSTopicVoiceView.m */ = {isa = PBXFileReference; fileEncoding = 4; lastKnownFileType = sourcecode.c.objc; path = BSTopicVoiceView.m; sourceTree = "<group>"; };
		8EED47BD1C01BA7F001D54B4 /* BSTopicVoiceView.xib */ = {isa = PBXFileReference; fileEncoding = 4; lastKnownFileType = file.xib; path = BSTopicVoiceView.xib; sourceTree = "<group>"; };
		8EED47BF1C01BA90001D54B4 /* BSTopicVideoView.h */ = {isa = PBXFileReference; fileEncoding = 4; lastKnownFileType = sourcecode.c.h; path = BSTopicVideoView.h; sourceTree = "<group>"; };
		8EED47C01C01BA90001D54B4 /* BSTopicVideoView.m */ = {isa = PBXFileReference; fileEncoding = 4; lastKnownFileType = sourcecode.c.objc; path = BSTopicVideoView.m; sourceTree = "<group>"; };
		8EED47C21C01BAA0001D54B4 /* BSTopicVideoView.xib */ = {isa = PBXFileReference; fileEncoding = 4; lastKnownFileType = file.xib; path = BSTopicVideoView.xib; sourceTree = "<group>"; };
		8EF6BC031BE5E58B0081E76E /* BaiSiBuDeJie.app */ = {isa = PBXFileReference; explicitFileType = wrapper.application; includeInIndex = 0; path = BaiSiBuDeJie.app; sourceTree = BUILT_PRODUCTS_DIR; };
		8EF6BC121BE5E58B0081E76E /* Assets.xcassets */ = {isa = PBXFileReference; lastKnownFileType = folder.assetcatalog; path = Assets.xcassets; sourceTree = "<group>"; };
		8EF6BC171BE5E58B0081E76E /* Info.plist */ = {isa = PBXFileReference; lastKnownFileType = text.plist.xml; path = Info.plist; sourceTree = "<group>"; };
		8EF6BC1C1BE5E58B0081E76E /* BaiSiBuDeJieTests.xctest */ = {isa = PBXFileReference; explicitFileType = wrapper.cfbundle; includeInIndex = 0; path = BaiSiBuDeJieTests.xctest; sourceTree = BUILT_PRODUCTS_DIR; };
		8EF6BC201BE5E58B0081E76E /* BaiSiBuDeJieTests.m */ = {isa = PBXFileReference; lastKnownFileType = sourcecode.c.objc; path = BaiSiBuDeJieTests.m; sourceTree = "<group>"; };
		8EF6BC221BE5E58B0081E76E /* Info.plist */ = {isa = PBXFileReference; lastKnownFileType = text.plist.xml; path = Info.plist; sourceTree = "<group>"; };
		8EF6BC271BE5E58B0081E76E /* BaiSiBuDeJieUITests.xctest */ = {isa = PBXFileReference; explicitFileType = wrapper.cfbundle; includeInIndex = 0; path = BaiSiBuDeJieUITests.xctest; sourceTree = BUILT_PRODUCTS_DIR; };
		8EF6BC2B1BE5E58B0081E76E /* BaiSiBuDeJieUITests.m */ = {isa = PBXFileReference; lastKnownFileType = sourcecode.c.objc; path = BaiSiBuDeJieUITests.m; sourceTree = "<group>"; };
		8EF6BC2D1BE5E58B0081E76E /* Info.plist */ = {isa = PBXFileReference; lastKnownFileType = text.plist.xml; path = Info.plist; sourceTree = "<group>"; };
		8EF6BC4A1BE5F02C0081E76E /* BSNavigationController.h */ = {isa = PBXFileReference; fileEncoding = 4; lastKnownFileType = sourcecode.c.h; path = BSNavigationController.h; sourceTree = "<group>"; };
		8EF6BC4B1BE5F02C0081E76E /* BSNavigationController.m */ = {isa = PBXFileReference; fileEncoding = 4; lastKnownFileType = sourcecode.c.objc; path = BSNavigationController.m; sourceTree = "<group>"; };
		8EF6BC4C1BE5F02C0081E76E /* BSTabBarController.h */ = {isa = PBXFileReference; fileEncoding = 4; lastKnownFileType = sourcecode.c.h; path = BSTabBarController.h; sourceTree = "<group>"; };
		8EF6BC4D1BE5F02C0081E76E /* BSTabBarController.m */ = {isa = PBXFileReference; fileEncoding = 4; lastKnownFileType = sourcecode.c.objc; path = BSTabBarController.m; sourceTree = "<group>"; };
		8EF6BC591BE5F02C0081E76E /* AppDelegate.h */ = {isa = PBXFileReference; fileEncoding = 4; lastKnownFileType = sourcecode.c.h; path = AppDelegate.h; sourceTree = "<group>"; };
		8EF6BC5A1BE5F02C0081E76E /* AppDelegate.m */ = {isa = PBXFileReference; fileEncoding = 4; lastKnownFileType = sourcecode.c.objc; path = AppDelegate.m; sourceTree = "<group>"; };
		8EF6BC5C1BE5F02C0081E76E /* main.m */ = {isa = PBXFileReference; fileEncoding = 4; lastKnownFileType = sourcecode.c.objc; path = main.m; sourceTree = "<group>"; };
		8EF6BC6C1BE5F0870081E76E /* BSFriendTrendsViewController.h */ = {isa = PBXFileReference; fileEncoding = 4; lastKnownFileType = sourcecode.c.h; path = BSFriendTrendsViewController.h; sourceTree = "<group>"; };
		8EF6BC6D1BE5F0870081E76E /* BSFriendTrendsViewController.m */ = {isa = PBXFileReference; fileEncoding = 4; lastKnownFileType = sourcecode.c.objc; path = BSFriendTrendsViewController.m; sourceTree = "<group>"; };
		8EF6BC6F1BE5F0DD0081E76E /* BSNewViewController.h */ = {isa = PBXFileReference; fileEncoding = 4; lastKnownFileType = sourcecode.c.h; path = BSNewViewController.h; sourceTree = "<group>"; };
		8EF6BC701BE5F0DD0081E76E /* BSNewViewController.m */ = {isa = PBXFileReference; fileEncoding = 4; lastKnownFileType = sourcecode.c.objc; path = BSNewViewController.m; sourceTree = "<group>"; };
		8EF6BC721BE5F0E90081E76E /* BSMeViewController.h */ = {isa = PBXFileReference; fileEncoding = 4; lastKnownFileType = sourcecode.c.h; path = BSMeViewController.h; sourceTree = "<group>"; };
		8EF6BC731BE5F0E90081E76E /* BSMeViewController.m */ = {isa = PBXFileReference; fileEncoding = 4; lastKnownFileType = sourcecode.c.objc; path = BSMeViewController.m; sourceTree = "<group>"; };
		8EF6BC751BE5F6AC0081E76E /* BaiSiBuDeJie.pch */ = {isa = PBXFileReference; lastKnownFileType = sourcecode.c.h; path = BaiSiBuDeJie.pch; sourceTree = "<group>"; };
		8EFDA5AD1BE9FBE900D53ABB /* BSHTTPSessionManager.h */ = {isa = PBXFileReference; fileEncoding = 4; lastKnownFileType = sourcecode.c.h; path = BSHTTPSessionManager.h; sourceTree = "<group>"; };
		8EFDA5AE1BE9FBE900D53ABB /* BSHTTPSessionManager.m */ = {isa = PBXFileReference; fileEncoding = 4; lastKnownFileType = sourcecode.c.objc; path = BSHTTPSessionManager.m; sourceTree = "<group>"; };
		8EFF50811BF72121006DBBAE /* BSTopic.h */ = {isa = PBXFileReference; fileEncoding = 4; lastKnownFileType = sourcecode.c.h; path = BSTopic.h; sourceTree = "<group>"; };
		8EFF50821BF72121006DBBAE /* BSTopic.m */ = {isa = PBXFileReference; fileEncoding = 4; lastKnownFileType = sourcecode.c.objc; path = BSTopic.m; sourceTree = "<group>"; };
		8EFF50841BF727EF006DBBAE /* BSTopicCell.h */ = {isa = PBXFileReference; fileEncoding = 4; lastKnownFileType = sourcecode.c.h; path = BSTopicCell.h; sourceTree = "<group>"; };
		8EFF50851BF727EF006DBBAE /* BSTopicCell.m */ = {isa = PBXFileReference; fileEncoding = 4; lastKnownFileType = sourcecode.c.objc; path = BSTopicCell.m; sourceTree = "<group>"; };
		8EFF50861BF727EF006DBBAE /* BSTopicCell.xib */ = {isa = PBXFileReference; fileEncoding = 4; lastKnownFileType = file.xib; path = BSTopicCell.xib; sourceTree = "<group>"; };
		8EFF50D11BF74CB1006DBBAE /* NSDate+BSExtension.h */ = {isa = PBXFileReference; fileEncoding = 4; lastKnownFileType = sourcecode.c.h; path = "NSDate+BSExtension.h"; sourceTree = "<group>"; };
		8EFF50D21BF74CB1006DBBAE /* NSDate+BSExtension.m */ = {isa = PBXFileReference; fileEncoding = 4; lastKnownFileType = sourcecode.c.objc; path = "NSDate+BSExtension.m"; sourceTree = "<group>"; };
		CA12AE59B478757EA2FF4BF1 /* Pods.debug.xcconfig */ = {isa = PBXFileReference; includeInIndex = 1; lastKnownFileType = text.xcconfig; name = Pods.debug.xcconfig; path = "Pods/Target Support Files/Pods/Pods.debug.xcconfig"; sourceTree = "<group>"; };
		E9A2F39AD052C5E138FCDB7F /* libPods.a */ = {isa = PBXFileReference; explicitFileType = archive.ar; includeInIndex = 0; path = libPods.a; sourceTree = BUILT_PRODUCTS_DIR; };
/* End PBXFileReference section */

/* Begin PBXFrameworksBuildPhase section */
		8EF6BC001BE5E58B0081E76E /* Frameworks */ = {
			isa = PBXFrameworksBuildPhase;
			buildActionMask = 2147483647;
			files = (
				21991D521084464CC5EB1F6C /* libPods.a in Frameworks */,
			);
			runOnlyForDeploymentPostprocessing = 0;
		};
		8EF6BC191BE5E58B0081E76E /* Frameworks */ = {
			isa = PBXFrameworksBuildPhase;
			buildActionMask = 2147483647;
			files = (
			);
			runOnlyForDeploymentPostprocessing = 0;
		};
		8EF6BC241BE5E58B0081E76E /* Frameworks */ = {
			isa = PBXFrameworksBuildPhase;
			buildActionMask = 2147483647;
			files = (
			);
			runOnlyForDeploymentPostprocessing = 0;
		};
/* End PBXFrameworksBuildPhase section */

/* Begin PBXGroup section */
		5CD86166CC6AE77B808111C9 /* Pods */ = {
			isa = PBXGroup;
			children = (
				CA12AE59B478757EA2FF4BF1 /* Pods.debug.xcconfig */,
				3A3F197724067FC86704FE8B /* Pods.release.xcconfig */,
			);
			name = Pods;
			sourceTree = "<group>";
		};
		8E66BCA81BF19D33004BF3B5 /* Topic */ = {
			isa = PBXGroup;
			children = (
				8EB192F91C075F37005EC5A7 /* BSTopicViewController.h */,
				8EB192FA1C075F37005EC5A7 /* BSTopicViewController.m */,
				8E66BCA91BF19DCC004BF3B5 /* BSAllViewController.h */,
				8E66BCAA1BF19DCC004BF3B5 /* BSAllViewController.m */,
				8E66BCAC1BF19DE7004BF3B5 /* BSPictureViewController.h */,
				8E66BCAD1BF19DE7004BF3B5 /* BSPictureViewController.m */,
				8E66BCB21BF19E15004BF3B5 /* BSVoiceViewController.h */,
				8E66BCB31BF19E15004BF3B5 /* BSVoiceViewController.m */,
				8E66BCAF1BF19E08004BF3B5 /* BSVideoViewController.h */,
				8E66BCB01BF19E08004BF3B5 /* BSVideoViewController.m */,
				8E66BCB51BF19E28004BF3B5 /* BSWordViewController.h */,
				8E66BCB61BF19E28004BF3B5 /* BSWordViewController.m */,
			);
			name = Topic;
			sourceTree = "<group>";
		};
		8EAE2DDF1BFF1A6C00D3376F /* Topic */ = {
			isa = PBXGroup;
			children = (
				8EFF50841BF727EF006DBBAE /* BSTopicCell.h */,
				8EFF50851BF727EF006DBBAE /* BSTopicCell.m */,
				8EFF50861BF727EF006DBBAE /* BSTopicCell.xib */,
				8EAE2DDA1BFF194800D3376F /* BSTopicPictureView.h */,
				8EAE2DDB1BFF194800D3376F /* BSTopicPictureView.m */,
				8EAE2DDD1BFF195F00D3376F /* BSTopicPictureView.xib */,
				8EED47BA1C01BA70001D54B4 /* BSTopicVoiceView.h */,
				8EED47BB1C01BA70001D54B4 /* BSTopicVoiceView.m */,
				8EED47BD1C01BA7F001D54B4 /* BSTopicVoiceView.xib */,
				8EED47BF1C01BA90001D54B4 /* BSTopicVideoView.h */,
				8EED47C01C01BA90001D54B4 /* BSTopicVideoView.m */,
				8EED47C21C01BAA0001D54B4 /* BSTopicVideoView.xib */,
			);
			name = Topic;
			sourceTree = "<group>";
		};
		8EB327721C0DB21700667861 /* Tools */ = {
			isa = PBXGroup;
			children = (
				8EB327731C0DB21700667861 /* BSAVPlayer.h */,
				8EB327741C0DB21700667861 /* BSAVPlayer.m */,
				8EB327751C0DB21700667861 /* ZJSingleton.h */,
			);
			path = Tools;
			sourceTree = "<group>";
		};
		8EF6BBFA1BE5E58B0081E76E = {
			isa = PBXGroup;
			children = (
				8EF6BC051BE5E58B0081E76E /* BaiSiBuDeJie */,
				8EF6BC1F1BE5E58B0081E76E /* BaiSiBuDeJieTests */,
				8EF6BC2A1BE5E58B0081E76E /* BaiSiBuDeJieUITests */,
				8EF6BC041BE5E58B0081E76E /* Products */,
				5CD86166CC6AE77B808111C9 /* Pods */,
				934ECEC53BE5658E56BBC0BD /* Frameworks */,
			);
			sourceTree = "<group>";
		};
		8EF6BC041BE5E58B0081E76E /* Products */ = {
			isa = PBXGroup;
			children = (
				8EF6BC031BE5E58B0081E76E /* BaiSiBuDeJie.app */,
				8EF6BC1C1BE5E58B0081E76E /* BaiSiBuDeJieTests.xctest */,
				8EF6BC271BE5E58B0081E76E /* BaiSiBuDeJieUITests.xctest */,
			);
			name = Products;
			sourceTree = "<group>";
		};
		8EF6BC051BE5E58B0081E76E /* BaiSiBuDeJie */ = {
			isa = PBXGroup;
			children = (
				8EF6BC3F1BE5F02C0081E76E /* Classes */,
				8EF6BC121BE5E58B0081E76E /* Assets.xcassets */,
				8EF6BC061BE5E58B0081E76E /* Supporting Files */,
			);
			path = BaiSiBuDeJie;
			sourceTree = "<group>";
		};
		8EF6BC061BE5E58B0081E76E /* Supporting Files */ = {
			isa = PBXGroup;
			children = (
				8EF6BC171BE5E58B0081E76E /* Info.plist */,
			);
			name = "Supporting Files";
			sourceTree = "<group>";
		};
		8EF6BC1F1BE5E58B0081E76E /* BaiSiBuDeJieTests */ = {
			isa = PBXGroup;
			children = (
				8EF6BC201BE5E58B0081E76E /* BaiSiBuDeJieTests.m */,
				8EF6BC221BE5E58B0081E76E /* Info.plist */,
			);
			path = BaiSiBuDeJieTests;
			sourceTree = "<group>";
		};
		8EF6BC2A1BE5E58B0081E76E /* BaiSiBuDeJieUITests */ = {
			isa = PBXGroup;
			children = (
				8EF6BC2B1BE5E58B0081E76E /* BaiSiBuDeJieUITests.m */,
				8EF6BC2D1BE5E58B0081E76E /* Info.plist */,
			);
			path = BaiSiBuDeJieUITests;
			sourceTree = "<group>";
		};
		8EF6BC3F1BE5F02C0081E76E /* Classes */ = {
			isa = PBXGroup;
			children = (
				8EF6BC401BE5F02C0081E76E /* Essence(精华) */,
				8EF6BC541BE5F02C0081E76E /* New(新帖) */,
				8EF6BC441BE5F02C0081E76E /* FriendTrends(关注) */,
				8EF6BC501BE5F02C0081E76E /* Me(我的) */,
				8EF6BC5D1BE5F02C0081E76E /* Publish(发布) */,
				8EF6BC611BE5F02C0081E76E /* Setting(设置) */,
				8EF6BC481BE5F02C0081E76E /* Main(主要) */,
				8EF6BC581BE5F02C0081E76E /* Other(其他) */,
			);
			path = Classes;
			sourceTree = "<group>";
		};
		8EF6BC401BE5F02C0081E76E /* Essence(精华) */ = {
			isa = PBXGroup;
			children = (
				8EF6BC411BE5F02C0081E76E /* Controller */,
				8EF6BC421BE5F02C0081E76E /* Model */,
				8EF6BC431BE5F02C0081E76E /* View */,
			);
			path = "Essence(精华)";
			sourceTree = "<group>";
		};
		8EF6BC411BE5F02C0081E76E /* Controller */ = {
			isa = PBXGroup;
			children = (
				8E66BCA81BF19D33004BF3B5 /* Topic */,
				8E83EF471BE9A2730098413D /* BSEssenceViewController.h */,
				8E83EF481BE9A2730098413D /* BSEssenceViewController.m */,
				8E83EF501BE9ECD50098413D /* BSTagSubViewController.h */,
				8E83EF511BE9ECD50098413D /* BSTagSubViewController.m */,
				8EED47761C018228001D54B4 /* BSBigImageViewController.h */,
				8EED47771C018228001D54B4 /* BSBigImageViewController.m */,
				8EED47781C018228001D54B4 /* BSBigImageViewController.xib */,
				8E1970741C081AE6005FE8D3 /* BSCommentViewController.h */,
				8E1970751C081AE6005FE8D3 /* BSCommentViewController.m */,
				8E1970761C081AE6005FE8D3 /* BSCommentViewController.xib */,
			);
			path = Controller;
			sourceTree = "<group>";
		};
		8EF6BC421BE5F02C0081E76E /* Model */ = {
			isa = PBXGroup;
			children = (
				8E83EF581BE9F9260098413D /* BSTagSub.h */,
				8E83EF591BE9F9260098413D /* BSTagSub.m */,
				8EFF50811BF72121006DBBAE /* BSTopic.h */,
				8EFF50821BF72121006DBBAE /* BSTopic.m */,
				8EAE2DD41BFEF49900D3376F /* BSComment.h */,
				8EAE2DD51BFEF49900D3376F /* BSComment.m */,
				8EAE2DD71BFEF4A500D3376F /* BSUser.h */,
				8EAE2DD81BFEF4A500D3376F /* BSUser.m */,
			);
			path = Model;
			sourceTree = "<group>";
		};
		8EF6BC431BE5F02C0081E76E /* View */ = {
			isa = PBXGroup;
			children = (
				8E83EF531BE9F6D70098413D /* BSTagSubCell.h */,
				8E83EF541BE9F6D70098413D /* BSTagSubCell.m */,
				8E83EF551BE9F6D70098413D /* BSTagSubCell.xib */,
				8E66BCB81BF205FB004BF3B5 /* BSTitleButton.h */,
				8E66BCB91BF205FB004BF3B5 /* BSTitleButton.m */,
				8EAE2DDF1BFF1A6C00D3376F /* Topic */,
				8E1970791C081B39005FE8D3 /* BSCommentCell.h */,
				8E19707A1C081B39005FE8D3 /* BSCommentCell.m */,
				8E19707B1C081B39005FE8D3 /* BSCommentCell.xib */,
				8E19707E1C085F18005FE8D3 /* BSCommentHeaderView.h */,
				8E19707F1C085F18005FE8D3 /* BSCommentHeaderView.m */,
			);
			path = View;
			sourceTree = "<group>";
		};
		8EF6BC441BE5F02C0081E76E /* FriendTrends(关注) */ = {
			isa = PBXGroup;
			children = (
				8EF6BC451BE5F02C0081E76E /* Controller */,
				8EF6BC461BE5F02C0081E76E /* Model */,
				8EF6BC471BE5F02C0081E76E /* View */,
			);
			path = "FriendTrends(关注)";
			sourceTree = "<group>";
		};
		8EF6BC451BE5F02C0081E76E /* Controller */ = {
			isa = PBXGroup;
			children = (
				8EF6BC6C1BE5F0870081E76E /* BSFriendTrendsViewController.h */,
				8EF6BC6D1BE5F0870081E76E /* BSFriendTrendsViewController.m */,
				8E5BFF481BEBAA4000541669 /* BSFriendTrendsViewController.storyboard */,
				8E5BFF4A1BEBB28D00541669 /* BSLoginRegisterViewController.h */,
				8E5BFF4B1BEBB28D00541669 /* BSLoginRegisterViewController.m */,
				8E5BFF451BEBA85F00541669 /* BSRecommentViewController.h */,
				8E5BFF461BEBA85F00541669 /* BSRecommentViewController.m */,
			);
			path = Controller;
			sourceTree = "<group>";
		};
		8EF6BC461BE5F02C0081E76E /* Model */ = {
			isa = PBXGroup;
			children = (
				8E33191D1BF0679600DE0A08 /* BSRecommendCategory.h */,
				8E33191E1BF0679600DE0A08 /* BSRecommendCategory.m */,
				8E3319201BF067A600DE0A08 /* BSRecommendUsers.h */,
				8E3319211BF067A600DE0A08 /* BSRecommendUsers.m */,
			);
			path = Model;
			sourceTree = "<group>";
		};
		8EF6BC471BE5F02C0081E76E /* View */ = {
			isa = PBXGroup;
			children = (
				8EA21ECD1BEC56F300C0D1CB /* BSQuickLoginButton.h */,
				8EA21ECE1BEC56F300C0D1CB /* BSQuickLoginButton.m */,
				8EA21ED01BEC860700C0D1CB /* BSPlaceholderTextField.h */,
				8EA21ED11BEC860700C0D1CB /* BSPlaceholderTextField.m */,
				8E3319231BF067D000DE0A08 /* BSRecommendCategoryCell.h */,
				8E3319241BF067D000DE0A08 /* BSRecommendCategoryCell.m */,
				8E3319261BF067E300DE0A08 /* BSRecommendUsersCell.h */,
				8E3319271BF067E300DE0A08 /* BSRecommendUsersCell.m */,
			);
			path = View;
			sourceTree = "<group>";
		};
		8EF6BC481BE5F02C0081E76E /* Main(主要) */ = {
			isa = PBXGroup;
			children = (
				8EF6BC491BE5F02C0081E76E /* Controller */,
				8EF6BC4E1BE5F02C0081E76E /* Model */,
				8EF6BC4F1BE5F02C0081E76E /* View */,
			);
			path = "Main(主要)";
			sourceTree = "<group>";
		};
		8EF6BC491BE5F02C0081E76E /* Controller */ = {
			isa = PBXGroup;
			children = (
				8EF6BC4A1BE5F02C0081E76E /* BSNavigationController.h */,
				8EF6BC4B1BE5F02C0081E76E /* BSNavigationController.m */,
				8EF6BC4C1BE5F02C0081E76E /* BSTabBarController.h */,
				8EF6BC4D1BE5F02C0081E76E /* BSTabBarController.m */,
				8E096A4D1C11D220007CFDB6 /* BSStatusBarViewController.h */,
				8E096A4E1C11D220007CFDB6 /* BSStatusBarViewController.m */,
			);
			path = Controller;
			sourceTree = "<group>";
		};
		8EF6BC4E1BE5F02C0081E76E /* Model */ = {
			isa = PBXGroup;
			children = (
			);
			path = Model;
			sourceTree = "<group>";
		};
		8EF6BC4F1BE5F02C0081E76E /* View */ = {
			isa = PBXGroup;
			children = (
				8E24C4E11BE7894B00AEE4A3 /* BSTabBar.h */,
				8E24C4E21BE7894B00AEE4A3 /* BSTabBar.m */,
			);
			path = View;
			sourceTree = "<group>";
		};
		8EF6BC501BE5F02C0081E76E /* Me(我的) */ = {
			isa = PBXGroup;
			children = (
				8EF6BC511BE5F02C0081E76E /* Controller */,
				8EF6BC521BE5F02C0081E76E /* Model */,
				8EF6BC531BE5F02C0081E76E /* View */,
			);
			path = "Me(我的)";
			sourceTree = "<group>";
		};
		8EF6BC511BE5F02C0081E76E /* Controller */ = {
			isa = PBXGroup;
			children = (
				8EF6BC721BE5F0E90081E76E /* BSMeViewController.h */,
				8EF6BC731BE5F0E90081E76E /* BSMeViewController.m */,
				8EB2932D1BEDF9A000E6E15C /* BSWebViewController.h */,
				8EB2932E1BEDF9A000E6E15C /* BSWebViewController.m */,
				8EB293321BEDFF9600E6E15C /* BSWebViewController.xib */,
			);
			path = Controller;
			sourceTree = "<group>";
		};
		8EF6BC521BE5F02C0081E76E /* Model */ = {
			isa = PBXGroup;
			children = (
				8EBA9B741BEDDE430016819F /* BSSquare.h */,
				8EBA9B751BEDDE430016819F /* BSSquare.m */,
			);
			path = Model;
			sourceTree = "<group>";
		};
		8EF6BC531BE5F02C0081E76E /* View */ = {
			isa = PBXGroup;
			children = (
				8EBA9B6B1BEDD07F0016819F /* BSMeCell.h */,
				8EBA9B6C1BEDD07F0016819F /* BSMeCell.m */,
				8EBA9B6E1BEDD4390016819F /* BSFooterView.h */,
				8EBA9B6F1BEDD4390016819F /* BSFooterView.m */,
				8EBA9B711BEDDB020016819F /* BSSquareButton.h */,
				8EBA9B721BEDDB020016819F /* BSSquareButton.m */,
			);
			path = View;
			sourceTree = "<group>";
		};
		8EF6BC541BE5F02C0081E76E /* New(新帖) */ = {
			isa = PBXGroup;
			children = (
				8EF6BC551BE5F02C0081E76E /* Controller */,
				8EF6BC561BE5F02C0081E76E /* Model */,
				8EF6BC571BE5F02C0081E76E /* View */,
			);
			path = "New(新帖)";
			sourceTree = "<group>";
		};
		8EF6BC551BE5F02C0081E76E /* Controller */ = {
			isa = PBXGroup;
			children = (
				8EF6BC6F1BE5F0DD0081E76E /* BSNewViewController.h */,
				8EF6BC701BE5F0DD0081E76E /* BSNewViewController.m */,
			);
			path = Controller;
			sourceTree = "<group>";
		};
		8EF6BC561BE5F02C0081E76E /* Model */ = {
			isa = PBXGroup;
			children = (
			);
			path = Model;
			sourceTree = "<group>";
		};
		8EF6BC571BE5F02C0081E76E /* View */ = {
			isa = PBXGroup;
			children = (
			);
			path = View;
			sourceTree = "<group>";
		};
		8EF6BC581BE5F02C0081E76E /* Other(其他) */ = {
			isa = PBXGroup;
			children = (
				8EB327721C0DB21700667861 /* Tools */,
				8EF6BC5B1BE5F02C0081E76E /* Category */,
				8EFDA5AD1BE9FBE900D53ABB /* BSHTTPSessionManager.h */,
				8EFDA5AE1BE9FBE900D53ABB /* BSHTTPSessionManager.m */,
				8E3319291BF0820100DE0A08 /* BSExtensionConfig.h */,
				8E33192A1BF0820100DE0A08 /* BSExtensionConfig.m */,
				8EF6BC591BE5F02C0081E76E /* AppDelegate.h */,
				8EF6BC5A1BE5F02C0081E76E /* AppDelegate.m */,
				8EF6BC5C1BE5F02C0081E76E /* main.m */,
				8EF6BC751BE5F6AC0081E76E /* BaiSiBuDeJie.pch */,
				8E8270911BEA239C00031498 /* BSConst.h */,
				8E8270921BEA239C00031498 /* BSConst.m */,
			);
			path = "Other(其他)";
			sourceTree = "<group>";
		};
		8EF6BC5B1BE5F02C0081E76E /* Category */ = {
			isa = PBXGroup;
			children = (
				8E83EF441BE98FC00098413D /* UIView+BSExtension.h */,
				8E83EF451BE98FC00098413D /* UIView+BSExtension.m */,
				8E83EF4D1BE9B8D50098413D /* UIBarButtonItem+BSExtension.h */,
				8E83EF4E1BE9B8D50098413D /* UIBarButtonItem+BSExtension.m */,
				8E8270941BEA4DBE00031498 /* UIImage+BSCircle.h */,
				8E8270951BEA4DBE00031498 /* UIImage+BSCircle.m */,
				8E8270971BEA552700031498 /* UIImageView+BSHeaderImage.h */,
				8E8270981BEA552700031498 /* UIImageView+BSHeaderImage.m */,
				8EBA9B681BED9D320016819F /* UITextField+BSPlaceholderColor.h */,
				8EBA9B691BED9D320016819F /* UITextField+BSPlaceholderColor.m */,
				8E431F3C1BEF3CF00018B812 /* NSString+BSFileSize.h */,
				8E431F3D1BEF3CF00018B812 /* NSString+BSFileSize.m */,
				8EFF50D11BF74CB1006DBBAE /* NSDate+BSExtension.h */,
				8EFF50D21BF74CB1006DBBAE /* NSDate+BSExtension.m */,
			);
			path = Category;
			sourceTree = "<group>";
		};
		8EF6BC5D1BE5F02C0081E76E /* Publish(发布) */ = {
			isa = PBXGroup;
			children = (
				8EF6BC5E1BE5F02C0081E76E /* Controller */,
				8EF6BC5F1BE5F02C0081E76E /* Model */,
				8EF6BC601BE5F02C0081E76E /* View */,
			);
			path = "Publish(发布)";
			sourceTree = "<group>";
		};
		8EF6BC5E1BE5F02C0081E76E /* Controller */ = {
			isa = PBXGroup;
			children = (
				8EAC13F21BE8DEE500AA0CF3 /* BSPublishViewController.h */,
				8EAC13F31BE8DEE500AA0CF3 /* BSPublishViewController.m */,
				8EAC13F41BE8DEE500AA0CF3 /* BSPublishViewController.xib */,
				8E5CB9A41C1D7E8A00ABBFB8 /* BSPostWordViewController.h */,
				8E5CB9A51C1D7E8A00ABBFB8 /* BSPostWordViewController.m */,
				8E5CB9AF1C1EEF0800ABBFB8 /* BSAddTagViewController.h */,
				8E5CB9B01C1EEF0800ABBFB8 /* BSAddTagViewController.m */,
			);
			path = Controller;
			sourceTree = "<group>";
		};
		8EF6BC5F1BE5F02C0081E76E /* Model */ = {
			isa = PBXGroup;
			children = (
			);
			path = Model;
			sourceTree = "<group>";
		};
		8EF6BC601BE5F02C0081E76E /* View */ = {
			isa = PBXGroup;
			children = (
				8E2F8D0F1C19674300BEE2B0 /* BSPublishButton.h */,
				8E2F8D101C19674300BEE2B0 /* BSPublishButton.m */,
				8E5CB9A71C1DA7FE00ABBFB8 /* BSPlaceholderTextView.h */,
				8E5CB9A81C1DA7FE00ABBFB8 /* BSPlaceholderTextView.m */,
				8E5CB9AA1C1EBC0500ABBFB8 /* BSPostWordToolbar.h */,
				8E5CB9AB1C1EBC0500ABBFB8 /* BSPostWordToolbar.m */,
				8E5CB9AD1C1EBC1900ABBFB8 /* BSPostWordToolbar.xib */,
			);
			path = View;
			sourceTree = "<group>";
		};
		8EF6BC611BE5F02C0081E76E /* Setting(设置) */ = {
			isa = PBXGroup;
			children = (
				8EF6BC621BE5F02C0081E76E /* Controller */,
				8EF6BC631BE5F02C0081E76E /* Model */,
				8EF6BC641BE5F02C0081E76E /* View */,
			);
			path = "Setting(设置)";
			sourceTree = "<group>";
		};
		8EF6BC621BE5F02C0081E76E /* Controller */ = {
			isa = PBXGroup;
			children = (
				8E431F361BEF179E0018B812 /* BSSettingViewController.h */,
				8E431F371BEF179E0018B812 /* BSSettingViewController.m */,
			);
			path = Controller;
			sourceTree = "<group>";
		};
		8EF6BC631BE5F02C0081E76E /* Model */ = {
			isa = PBXGroup;
			children = (
			);
			path = Model;
			sourceTree = "<group>";
		};
		8EF6BC641BE5F02C0081E76E /* View */ = {
			isa = PBXGroup;
			children = (
				8E431F391BEF29940018B812 /* BSClearCachesCell.h */,
				8E431F3A1BEF29940018B812 /* BSClearCachesCell.m */,
			);
			path = View;
			sourceTree = "<group>";
		};
		934ECEC53BE5658E56BBC0BD /* Frameworks */ = {
			isa = PBXGroup;
			children = (
				E9A2F39AD052C5E138FCDB7F /* libPods.a */,
			);
			name = Frameworks;
			sourceTree = "<group>";
		};
/* End PBXGroup section */

/* Begin PBXNativeTarget section */
		8EF6BC021BE5E58B0081E76E /* BaiSiBuDeJie */ = {
			isa = PBXNativeTarget;
			buildConfigurationList = 8EF6BC301BE5E58B0081E76E /* Build configuration list for PBXNativeTarget "BaiSiBuDeJie" */;
			buildPhases = (
				84F3682A0669F38A94705FB5 /* Check Pods Manifest.lock */,
				8EF6BBFF1BE5E58B0081E76E /* Sources */,
				8EF6BC001BE5E58B0081E76E /* Frameworks */,
				8EF6BC011BE5E58B0081E76E /* Resources */,
				DC8BD7FA1B5E7BBA456BB331 /* Copy Pods Resources */,
			);
			buildRules = (
			);
			dependencies = (
			);
			name = BaiSiBuDeJie;
			productName = BaiSiBuDeJie;
			productReference = 8EF6BC031BE5E58B0081E76E /* BaiSiBuDeJie.app */;
			productType = "com.apple.product-type.application";
		};
		8EF6BC1B1BE5E58B0081E76E /* BaiSiBuDeJieTests */ = {
			isa = PBXNativeTarget;
			buildConfigurationList = 8EF6BC331BE5E58B0081E76E /* Build configuration list for PBXNativeTarget "BaiSiBuDeJieTests" */;
			buildPhases = (
				8EF6BC181BE5E58B0081E76E /* Sources */,
				8EF6BC191BE5E58B0081E76E /* Frameworks */,
				8EF6BC1A1BE5E58B0081E76E /* Resources */,
			);
			buildRules = (
			);
			dependencies = (
				8EF6BC1E1BE5E58B0081E76E /* PBXTargetDependency */,
			);
			name = BaiSiBuDeJieTests;
			productName = BaiSiBuDeJieTests;
			productReference = 8EF6BC1C1BE5E58B0081E76E /* BaiSiBuDeJieTests.xctest */;
			productType = "com.apple.product-type.bundle.unit-test";
		};
		8EF6BC261BE5E58B0081E76E /* BaiSiBuDeJieUITests */ = {
			isa = PBXNativeTarget;
			buildConfigurationList = 8EF6BC361BE5E58B0081E76E /* Build configuration list for PBXNativeTarget "BaiSiBuDeJieUITests" */;
			buildPhases = (
				8EF6BC231BE5E58B0081E76E /* Sources */,
				8EF6BC241BE5E58B0081E76E /* Frameworks */,
				8EF6BC251BE5E58B0081E76E /* Resources */,
			);
			buildRules = (
			);
			dependencies = (
				8EF6BC291BE5E58B0081E76E /* PBXTargetDependency */,
			);
			name = BaiSiBuDeJieUITests;
			productName = BaiSiBuDeJieUITests;
			productReference = 8EF6BC271BE5E58B0081E76E /* BaiSiBuDeJieUITests.xctest */;
			productType = "com.apple.product-type.bundle.ui-testing";
		};
/* End PBXNativeTarget section */

/* Begin PBXProject section */
		8EF6BBFB1BE5E58B0081E76E /* Project object */ = {
			isa = PBXProject;
			attributes = {
				CLASSPREFIX = BS;
				LastUpgradeCheck = 0710;
				ORGANIZATIONNAME = ZHUNJIEE;
				TargetAttributes = {
					8EF6BC021BE5E58B0081E76E = {
						CreatedOnToolsVersion = 7.1;
					};
					8EF6BC1B1BE5E58B0081E76E = {
						CreatedOnToolsVersion = 7.1;
						TestTargetID = 8EF6BC021BE5E58B0081E76E;
					};
					8EF6BC261BE5E58B0081E76E = {
						CreatedOnToolsVersion = 7.1;
						TestTargetID = 8EF6BC021BE5E58B0081E76E;
					};
				};
			};
			buildConfigurationList = 8EF6BBFE1BE5E58B0081E76E /* Build configuration list for PBXProject "BaiSiBuDeJie" */;
			compatibilityVersion = "Xcode 3.2";
			developmentRegion = English;
			hasScannedForEncodings = 0;
			knownRegions = (
				en,
				Base,
			);
			mainGroup = 8EF6BBFA1BE5E58B0081E76E;
			productRefGroup = 8EF6BC041BE5E58B0081E76E /* Products */;
			projectDirPath = "";
			projectRoot = "";
			targets = (
				8EF6BC021BE5E58B0081E76E /* BaiSiBuDeJie */,
				8EF6BC1B1BE5E58B0081E76E /* BaiSiBuDeJieTests */,
				8EF6BC261BE5E58B0081E76E /* BaiSiBuDeJieUITests */,
			);
		};
/* End PBXProject section */

/* Begin PBXResourcesBuildPhase section */
		8EF6BC011BE5E58B0081E76E /* Resources */ = {
			isa = PBXResourcesBuildPhase;
			buildActionMask = 2147483647;
			files = (
				8E5CB9AE1C1EBC1900ABBFB8 /* BSPostWordToolbar.xib in Resources */,
				8EFF50881BF727EF006DBBAE /* BSTopicCell.xib in Resources */,
				8EAE2DDE1BFF195F00D3376F /* BSTopicPictureView.xib in Resources */,
				8EF6BC131BE5E58B0081E76E /* Assets.xcassets in Resources */,
				8E83EF571BE9F6D70098413D /* BSTagSubCell.xib in Resources */,
				8E5BFF491BEBAA4000541669 /* BSFriendTrendsViewController.storyboard in Resources */,
				8EED47C31C01BAA0001D54B4 /* BSTopicVideoView.xib in Resources */,
				8E19707D1C081B39005FE8D3 /* BSCommentCell.xib in Resources */,
				8EED47BE1C01BA7F001D54B4 /* BSTopicVoiceView.xib in Resources */,
				8EB293331BEDFF9600E6E15C /* BSWebViewController.xib in Resources */,
				8EED477A1C018228001D54B4 /* BSBigImageViewController.xib in Resources */,
				8EAC13F61BE8DEE500AA0CF3 /* BSPublishViewController.xib in Resources */,
				8E1970781C081AE6005FE8D3 /* BSCommentViewController.xib in Resources */,
			);
			runOnlyForDeploymentPostprocessing = 0;
		};
		8EF6BC1A1BE5E58B0081E76E /* Resources */ = {
			isa = PBXResourcesBuildPhase;
			buildActionMask = 2147483647;
			files = (
			);
			runOnlyForDeploymentPostprocessing = 0;
		};
		8EF6BC251BE5E58B0081E76E /* Resources */ = {
			isa = PBXResourcesBuildPhase;
			buildActionMask = 2147483647;
			files = (
			);
			runOnlyForDeploymentPostprocessing = 0;
		};
/* End PBXResourcesBuildPhase section */

/* Begin PBXShellScriptBuildPhase section */
		84F3682A0669F38A94705FB5 /* Check Pods Manifest.lock */ = {
			isa = PBXShellScriptBuildPhase;
			buildActionMask = 2147483647;
			files = (
			);
			inputPaths = (
			);
			name = "Check Pods Manifest.lock";
			outputPaths = (
			);
			runOnlyForDeploymentPostprocessing = 0;
			shellPath = /bin/sh;
			shellScript = "diff \"${PODS_ROOT}/../Podfile.lock\" \"${PODS_ROOT}/Manifest.lock\" > /dev/null\nif [[ $? != 0 ]] ; then\n    cat << EOM\nerror: The sandbox is not in sync with the Podfile.lock. Run 'pod install' or update your CocoaPods installation.\nEOM\n    exit 1\nfi\n";
			showEnvVarsInLog = 0;
		};
		DC8BD7FA1B5E7BBA456BB331 /* Copy Pods Resources */ = {
			isa = PBXShellScriptBuildPhase;
			buildActionMask = 2147483647;
			files = (
			);
			inputPaths = (
			);
			name = "Copy Pods Resources";
			outputPaths = (
			);
			runOnlyForDeploymentPostprocessing = 0;
			shellPath = /bin/sh;
			shellScript = "\"${SRCROOT}/Pods/Target Support Files/Pods/Pods-resources.sh\"\n";
			showEnvVarsInLog = 0;
		};
/* End PBXShellScriptBuildPhase section */

/* Begin PBXSourcesBuildPhase section */
		8EF6BBFF1BE5E58B0081E76E /* Sources */ = {
			isa = PBXSourcesBuildPhase;
			buildActionMask = 2147483647;
			files = (
				8E24C4E31BE7894B00AEE4A3 /* BSTabBar.m in Sources */,
				8E5CB9B11C1EEF0800ABBFB8 /* BSAddTagViewController.m in Sources */,
				8EB327761C0DB21700667861 /* BSAVPlayer.m in Sources */,
				8EF6BC661BE5F02C0081E76E /* BSTabBarController.m in Sources */,
				8E3319281BF067E300DE0A08 /* BSRecommendUsersCell.m in Sources */,
				8E66BCB41BF19E15004BF3B5 /* BSVoiceViewController.m in Sources */,
				8E1970801C085F18005FE8D3 /* BSCommentHeaderView.m in Sources */,
				8EFF50831BF72121006DBBAE /* BSTopic.m in Sources */,
				8EF6BC6E1BE5F0870081E76E /* BSFriendTrendsViewController.m in Sources */,
				8EED47791C018228001D54B4 /* BSBigImageViewController.m in Sources */,
				8E431F3E1BEF3CF00018B812 /* NSString+BSFileSize.m in Sources */,
				8EAE2DD91BFEF4A500D3376F /* BSUser.m in Sources */,
				8E66BCB11BF19E08004BF3B5 /* BSVideoViewController.m in Sources */,
				8E66BCB71BF19E28004BF3B5 /* BSWordViewController.m in Sources */,
				8EBA9B6D1BEDD07F0016819F /* BSMeCell.m in Sources */,
				8E8270991BEA552700031498 /* UIImageView+BSHeaderImage.m in Sources */,
				8E5CB9A61C1D7E8A00ABBFB8 /* BSPostWordViewController.m in Sources */,
				8EFF50871BF727EF006DBBAE /* BSTopicCell.m in Sources */,
				8E2F8D111C19674300BEE2B0 /* BSPublishButton.m in Sources */,
				8E83EF5A1BE9F9260098413D /* BSTagSub.m in Sources */,
				8EED47BC1C01BA70001D54B4 /* BSTopicVoiceView.m in Sources */,
				8E5CB9A91C1DA7FE00ABBFB8 /* BSPlaceholderTextView.m in Sources */,
				8E66BCAB1BF19DCC004BF3B5 /* BSAllViewController.m in Sources */,
				8EFDA5AF1BE9FBE900D53ABB /* BSHTTPSessionManager.m in Sources */,
				8E83EF461BE98FC00098413D /* UIView+BSExtension.m in Sources */,
				8EFF50D31BF74CB1006DBBAE /* NSDate+BSExtension.m in Sources */,
				8EA21ECF1BEC56F300C0D1CB /* BSQuickLoginButton.m in Sources */,
				8E1970771C081AE6005FE8D3 /* BSCommentViewController.m in Sources */,
				8EAE2DDC1BFF194800D3376F /* BSTopicPictureView.m in Sources */,
				8EA21ED21BEC860700C0D1CB /* BSPlaceholderTextField.m in Sources */,
				8E5BFF471BEBA85F00541669 /* BSRecommentViewController.m in Sources */,
				8E33192B1BF0820100DE0A08 /* BSExtensionConfig.m in Sources */,
				8E33191F1BF0679600DE0A08 /* BSRecommendCategory.m in Sources */,
				8E83EF491BE9A2730098413D /* BSEssenceViewController.m in Sources */,
				8E3319251BF067D000DE0A08 /* BSRecommendCategoryCell.m in Sources */,
				8E8270961BEA4DBE00031498 /* UIImage+BSCircle.m in Sources */,
				8E19707C1C081B39005FE8D3 /* BSCommentCell.m in Sources */,
				8EB192FB1C075F37005EC5A7 /* BSTopicViewController.m in Sources */,
				8EBA9B701BEDD4390016819F /* BSFooterView.m in Sources */,
				8E83EF521BE9ECD50098413D /* BSTagSubViewController.m in Sources */,
				8E5BFF4C1BEBB28D00541669 /* BSLoginRegisterViewController.m in Sources */,
				8EF6BC651BE5F02C0081E76E /* BSNavigationController.m in Sources */,
				8E66BCAE1BF19DE7004BF3B5 /* BSPictureViewController.m in Sources */,
				8EBA9B6A1BED9D320016819F /* UITextField+BSPlaceholderColor.m in Sources */,
				8EBA9B731BEDDB020016819F /* BSSquareButton.m in Sources */,
				8E5CB9AC1C1EBC0500ABBFB8 /* BSPostWordToolbar.m in Sources */,
				8E66BCBA1BF205FB004BF3B5 /* BSTitleButton.m in Sources */,
				8E83EF561BE9F6D70098413D /* BSTagSubCell.m in Sources */,
				8E83EF4F1BE9B8D50098413D /* UIBarButtonItem+BSExtension.m in Sources */,
				8EB2932F1BEDF9A000E6E15C /* BSWebViewController.m in Sources */,
				8E1970731C081A54005FE8D3 /* BSNewViewController.m in Sources */,
				8EF6BC681BE5F02C0081E76E /* main.m in Sources */,
				8EBA9B761BEDDE430016819F /* BSSquare.m in Sources */,
				8EED47C11C01BA90001D54B4 /* BSTopicVideoView.m in Sources */,
				8EF6BC741BE5F0E90081E76E /* BSMeViewController.m in Sources */,
				8E8270931BEA239C00031498 /* BSConst.m in Sources */,
				8EAC13F51BE8DEE500AA0CF3 /* BSPublishViewController.m in Sources */,
				8E3319221BF067A600DE0A08 /* BSRecommendUsers.m in Sources */,
				8E431F381BEF179E0018B812 /* BSSettingViewController.m in Sources */,
				8EF6BC671BE5F02C0081E76E /* AppDelegate.m in Sources */,
				8EAE2DD61BFEF49900D3376F /* BSComment.m in Sources */,
				8E431F3B1BEF29940018B812 /* BSClearCachesCell.m in Sources */,
				8E096A4F1C11D220007CFDB6 /* BSStatusBarViewController.m in Sources */,
			);
			runOnlyForDeploymentPostprocessing = 0;
		};
		8EF6BC181BE5E58B0081E76E /* Sources */ = {
			isa = PBXSourcesBuildPhase;
			buildActionMask = 2147483647;
			files = (
				8EF6BC211BE5E58B0081E76E /* BaiSiBuDeJieTests.m in Sources */,
			);
			runOnlyForDeploymentPostprocessing = 0;
		};
		8EF6BC231BE5E58B0081E76E /* Sources */ = {
			isa = PBXSourcesBuildPhase;
			buildActionMask = 2147483647;
			files = (
				8EF6BC2C1BE5E58B0081E76E /* BaiSiBuDeJieUITests.m in Sources */,
			);
			runOnlyForDeploymentPostprocessing = 0;
		};
/* End PBXSourcesBuildPhase section */

/* Begin PBXTargetDependency section */
		8EF6BC1E1BE5E58B0081E76E /* PBXTargetDependency */ = {
			isa = PBXTargetDependency;
			target = 8EF6BC021BE5E58B0081E76E /* BaiSiBuDeJie */;
			targetProxy = 8EF6BC1D1BE5E58B0081E76E /* PBXContainerItemProxy */;
		};
		8EF6BC291BE5E58B0081E76E /* PBXTargetDependency */ = {
			isa = PBXTargetDependency;
			target = 8EF6BC021BE5E58B0081E76E /* BaiSiBuDeJie */;
			targetProxy = 8EF6BC281BE5E58B0081E76E /* PBXContainerItemProxy */;
		};
/* End PBXTargetDependency section */

/* Begin XCBuildConfiguration section */
		8EF6BC2E1BE5E58B0081E76E /* Debug */ = {
			isa = XCBuildConfiguration;
			buildSettings = {
				ALWAYS_SEARCH_USER_PATHS = NO;
				CLANG_CXX_LANGUAGE_STANDARD = "gnu++0x";
				CLANG_CXX_LIBRARY = "libc++";
				CLANG_ENABLE_MODULES = YES;
				CLANG_ENABLE_OBJC_ARC = YES;
				CLANG_WARN_BOOL_CONVERSION = YES;
				CLANG_WARN_CONSTANT_CONVERSION = YES;
				CLANG_WARN_DIRECT_OBJC_ISA_USAGE = YES_ERROR;
				CLANG_WARN_EMPTY_BODY = YES;
				CLANG_WARN_ENUM_CONVERSION = YES;
				CLANG_WARN_INT_CONVERSION = YES;
				CLANG_WARN_OBJC_ROOT_CLASS = YES_ERROR;
				CLANG_WARN_UNREACHABLE_CODE = YES;
				CLANG_WARN__DUPLICATE_METHOD_MATCH = YES;
				"CODE_SIGN_IDENTITY[sdk=iphoneos*]" = "iPhone Developer";
				COPY_PHASE_STRIP = NO;
				DEBUG_INFORMATION_FORMAT = dwarf;
				ENABLE_STRICT_OBJC_MSGSEND = YES;
				ENABLE_TESTABILITY = YES;
				GCC_C_LANGUAGE_STANDARD = gnu99;
				GCC_DYNAMIC_NO_PIC = NO;
				GCC_NO_COMMON_BLOCKS = YES;
				GCC_OPTIMIZATION_LEVEL = 0;
				GCC_PREPROCESSOR_DEFINITIONS = (
					"DEBUG=1",
					"$(inherited)",
				);
				GCC_WARN_64_TO_32_BIT_CONVERSION = YES;
				GCC_WARN_ABOUT_RETURN_TYPE = YES_ERROR;
				GCC_WARN_UNDECLARED_SELECTOR = YES;
				GCC_WARN_UNINITIALIZED_AUTOS = YES_AGGRESSIVE;
				GCC_WARN_UNUSED_FUNCTION = YES;
				GCC_WARN_UNUSED_VARIABLE = YES;
				IPHONEOS_DEPLOYMENT_TARGET = 9.1;
				MTL_ENABLE_DEBUG_INFO = YES;
				ONLY_ACTIVE_ARCH = YES;
				SDKROOT = iphoneos;
			};
			name = Debug;
		};
		8EF6BC2F1BE5E58B0081E76E /* Release */ = {
			isa = XCBuildConfiguration;
			buildSettings = {
				ALWAYS_SEARCH_USER_PATHS = NO;
				CLANG_CXX_LANGUAGE_STANDARD = "gnu++0x";
				CLANG_CXX_LIBRARY = "libc++";
				CLANG_ENABLE_MODULES = YES;
				CLANG_ENABLE_OBJC_ARC = YES;
				CLANG_WARN_BOOL_CONVERSION = YES;
				CLANG_WARN_CONSTANT_CONVERSION = YES;
				CLANG_WARN_DIRECT_OBJC_ISA_USAGE = YES_ERROR;
				CLANG_WARN_EMPTY_BODY = YES;
				CLANG_WARN_ENUM_CONVERSION = YES;
				CLANG_WARN_INT_CONVERSION = YES;
				CLANG_WARN_OBJC_ROOT_CLASS = YES_ERROR;
				CLANG_WARN_UNREACHABLE_CODE = YES;
				CLANG_WARN__DUPLICATE_METHOD_MATCH = YES;
				"CODE_SIGN_IDENTITY[sdk=iphoneos*]" = "iPhone Developer";
				COPY_PHASE_STRIP = NO;
				DEBUG_INFORMATION_FORMAT = "dwarf-with-dsym";
				ENABLE_NS_ASSERTIONS = NO;
				ENABLE_STRICT_OBJC_MSGSEND = YES;
				GCC_C_LANGUAGE_STANDARD = gnu99;
				GCC_NO_COMMON_BLOCKS = YES;
				GCC_WARN_64_TO_32_BIT_CONVERSION = YES;
				GCC_WARN_ABOUT_RETURN_TYPE = YES_ERROR;
				GCC_WARN_UNDECLARED_SELECTOR = YES;
				GCC_WARN_UNINITIALIZED_AUTOS = YES_AGGRESSIVE;
				GCC_WARN_UNUSED_FUNCTION = YES;
				GCC_WARN_UNUSED_VARIABLE = YES;
				IPHONEOS_DEPLOYMENT_TARGET = 9.1;
				MTL_ENABLE_DEBUG_INFO = NO;
				SDKROOT = iphoneos;
				VALIDATE_PRODUCT = YES;
			};
			name = Release;
		};
		8EF6BC311BE5E58B0081E76E /* Debug */ = {
			isa = XCBuildConfiguration;
			baseConfigurationReference = CA12AE59B478757EA2FF4BF1 /* Pods.debug.xcconfig */;
			buildSettings = {
				ASSETCATALOG_COMPILER_APPICON_NAME = AppIcon;
				ASSETCATALOG_COMPILER_LAUNCHIMAGE_NAME = "Brand Assets";
				GCC_PREFIX_HEADER = "BaiSiBuDeJie/Classes/Other(其他)/BaiSiBuDeJie.pch";
				INFOPLIST_FILE = BaiSiBuDeJie/Info.plist;
				IPHONEOS_DEPLOYMENT_TARGET = 8.0;
				LD_RUNPATH_SEARCH_PATHS = "$(inherited) @executable_path/Frameworks";
				PRODUCT_BUNDLE_IDENTIFIER = com.zhunjiee.BaiSiBuDeJie;
				PRODUCT_NAME = "$(TARGET_NAME)";
			};
			name = Debug;
		};
		8EF6BC321BE5E58B0081E76E /* Release */ = {
			isa = XCBuildConfiguration;
			baseConfigurationReference = 3A3F197724067FC86704FE8B /* Pods.release.xcconfig */;
			buildSettings = {
				ASSETCATALOG_COMPILER_APPICON_NAME = AppIcon;
				ASSETCATALOG_COMPILER_LAUNCHIMAGE_NAME = "Brand Assets";
				GCC_PREFIX_HEADER = "BaiSiBuDeJie/Classes/Other(其他)/BaiSiBuDeJie.pch";
				INFOPLIST_FILE = BaiSiBuDeJie/Info.plist;
				IPHONEOS_DEPLOYMENT_TARGET = 8.0;
				LD_RUNPATH_SEARCH_PATHS = "$(inherited) @executable_path/Frameworks";
				PRODUCT_BUNDLE_IDENTIFIER = com.zhunjiee.BaiSiBuDeJie;
				PRODUCT_NAME = "$(TARGET_NAME)";
			};
			name = Release;
		};
		8EF6BC341BE5E58B0081E76E /* Debug */ = {
			isa = XCBuildConfiguration;
			buildSettings = {
				BUNDLE_LOADER = "$(TEST_HOST)";
				INFOPLIST_FILE = BaiSiBuDeJieTests/Info.plist;
				LD_RUNPATH_SEARCH_PATHS = "$(inherited) @executable_path/Frameworks @loader_path/Frameworks";
				PRODUCT_BUNDLE_IDENTIFIER = com.zhunjiee.BaiSiBuDeJieTests;
				PRODUCT_NAME = "$(TARGET_NAME)";
				TEST_HOST = "$(BUILT_PRODUCTS_DIR)/BaiSiBuDeJie.app/BaiSiBuDeJie";
			};
			name = Debug;
		};
		8EF6BC351BE5E58B0081E76E /* Release */ = {
			isa = XCBuildConfiguration;
			buildSettings = {
				BUNDLE_LOADER = "$(TEST_HOST)";
				INFOPLIST_FILE = BaiSiBuDeJieTests/Info.plist;
				LD_RUNPATH_SEARCH_PATHS = "$(inherited) @executable_path/Frameworks @loader_path/Frameworks";
				PRODUCT_BUNDLE_IDENTIFIER = com.zhunjiee.BaiSiBuDeJieTests;
				PRODUCT_NAME = "$(TARGET_NAME)";
				TEST_HOST = "$(BUILT_PRODUCTS_DIR)/BaiSiBuDeJie.app/BaiSiBuDeJie";
			};
			name = Release;
		};
		8EF6BC371BE5E58B0081E76E /* Debug */ = {
			isa = XCBuildConfiguration;
			buildSettings = {
				INFOPLIST_FILE = BaiSiBuDeJieUITests/Info.plist;
				LD_RUNPATH_SEARCH_PATHS = "$(inherited) @executable_path/Frameworks @loader_path/Frameworks";
				PRODUCT_BUNDLE_IDENTIFIER = com.zhunjiee.BaiSiBuDeJieUITests;
				PRODUCT_NAME = "$(TARGET_NAME)";
				TEST_TARGET_NAME = BaiSiBuDeJie;
				USES_XCTRUNNER = YES;
			};
			name = Debug;
		};
		8EF6BC381BE5E58B0081E76E /* Release */ = {
			isa = XCBuildConfiguration;
			buildSettings = {
				INFOPLIST_FILE = BaiSiBuDeJieUITests/Info.plist;
				LD_RUNPATH_SEARCH_PATHS = "$(inherited) @executable_path/Frameworks @loader_path/Frameworks";
				PRODUCT_BUNDLE_IDENTIFIER = com.zhunjiee.BaiSiBuDeJieUITests;
				PRODUCT_NAME = "$(TARGET_NAME)";
				TEST_TARGET_NAME = BaiSiBuDeJie;
				USES_XCTRUNNER = YES;
			};
			name = Release;
		};
/* End XCBuildConfiguration section */

/* Begin XCConfigurationList section */
		8EF6BBFE1BE5E58B0081E76E /* Build configuration list for PBXProject "BaiSiBuDeJie" */ = {
			isa = XCConfigurationList;
			buildConfigurations = (
				8EF6BC2E1BE5E58B0081E76E /* Debug */,
				8EF6BC2F1BE5E58B0081E76E /* Release */,
			);
			defaultConfigurationIsVisible = 0;
			defaultConfigurationName = Release;
		};
		8EF6BC301BE5E58B0081E76E /* Build configuration list for PBXNativeTarget "BaiSiBuDeJie" */ = {
			isa = XCConfigurationList;
			buildConfigurations = (
				8EF6BC311BE5E58B0081E76E /* Debug */,
				8EF6BC321BE5E58B0081E76E /* Release */,
			);
			defaultConfigurationIsVisible = 0;
			defaultConfigurationName = Release;
		};
		8EF6BC331BE5E58B0081E76E /* Build configuration list for PBXNativeTarget "BaiSiBuDeJieTests" */ = {
			isa = XCConfigurationList;
			buildConfigurations = (
				8EF6BC341BE5E58B0081E76E /* Debug */,
				8EF6BC351BE5E58B0081E76E /* Release */,
			);
			defaultConfigurationIsVisible = 0;
			defaultConfigurationName = Release;
		};
		8EF6BC361BE5E58B0081E76E /* Build configuration list for PBXNativeTarget "BaiSiBuDeJieUITests" */ = {
			isa = XCConfigurationList;
			buildConfigurations = (
				8EF6BC371BE5E58B0081E76E /* Debug */,
				8EF6BC381BE5E58B0081E76E /* Release */,
			);
			defaultConfigurationIsVisible = 0;
			defaultConfigurationName = Release;
		};
/* End XCConfigurationList section */
	};
	rootObject = 8EF6BBFB1BE5E58B0081E76E /* Project object */;
}
